// !$*UTF8*$!
{
	archiveVersion = 1;
	classes = {
	};
	objectVersion = 46;
	objects = {

/* Begin PBXBuildFile section */
		CB0C65BD14513C5400C5BA1D /* Comment.m in Sources */ = {isa = PBXBuildFile; fileRef = CB0C65BC14513C5400C5BA1D /* Comment.m */; };
		CB33965D144EC862005A0DEB /* toolbar_bg_lt@2x.png in Resources */ = {isa = PBXBuildFile; fileRef = CB33965C144EC862005A0DEB /* toolbar_bg_lt@2x.png */; };
		CB339666144EC9C5005A0DEB /* TweetInfoViewController.m in Sources */ = {isa = PBXBuildFile; fileRef = CB339665144EC9C5005A0DEB /* TweetInfoViewController.m */; };
		CB339668144ED4C2005A0DEB /* toolbar_bg_lt.png in Resources */ = {isa = PBXBuildFile; fileRef = CB339667144ED4C2005A0DEB /* toolbar_bg_lt.png */; };
		CB33966B144EF1D3005A0DEB /* btn_bg_grey.png in Resources */ = {isa = PBXBuildFile; fileRef = CB339669144EF1D3005A0DEB /* btn_bg_grey.png */; };
		CB33966C144EF1D3005A0DEB /* btn_bg_grey@2x.png in Resources */ = {isa = PBXBuildFile; fileRef = CB33966A144EF1D3005A0DEB /* btn_bg_grey@2x.png */; };
		CB339673144EF5D7005A0DEB /* btn_icon_comment_wt.png in Resources */ = {isa = PBXBuildFile; fileRef = CB339671144EF5D7005A0DEB /* btn_icon_comment_wt.png */; };
		CB339674144EF5D7005A0DEB /* btn_icon_comment_wt@2x.png in Resources */ = {isa = PBXBuildFile; fileRef = CB339672144EF5D7005A0DEB /* btn_icon_comment_wt@2x.png */; };
		CB339677144EF5EB005A0DEB /* btn_icon_actionsheet_wt.png in Resources */ = {isa = PBXBuildFile; fileRef = CB339675144EF5EB005A0DEB /* btn_icon_actionsheet_wt.png */; };
		CB339678144EF5EB005A0DEB /* btn_icon_actionsheet_wt@2x.png in Resources */ = {isa = PBXBuildFile; fileRef = CB339676144EF5EB005A0DEB /* btn_icon_actionsheet_wt@2x.png */; };
		CB33967B144EFB10005A0DEB /* bg_cellEnd1.png in Resources */ = {isa = PBXBuildFile; fileRef = CB339679144EFB0F005A0DEB /* bg_cellEnd1.png */; };
		CB33967C144EFB10005A0DEB /* bg_cellEnd1@2x.png in Resources */ = {isa = PBXBuildFile; fileRef = CB33967A144EFB0F005A0DEB /* bg_cellEnd1@2x.png */; };
		CB33967F144F00E8005A0DEB /* btn_bg_blue.png in Resources */ = {isa = PBXBuildFile; fileRef = CB33967D144F00E7005A0DEB /* btn_bg_blue.png */; };
		CB339680144F00E8005A0DEB /* btn_bg_blue@2x.png in Resources */ = {isa = PBXBuildFile; fileRef = CB33967E144F00E7005A0DEB /* btn_bg_blue@2x.png */; };
		CB339685144F17A9005A0DEB /* bg_input.png in Resources */ = {isa = PBXBuildFile; fileRef = CB339681144F17A5005A0DEB /* bg_input.png */; };
		CB339686144F17A9005A0DEB /* bg_input@2x.png in Resources */ = {isa = PBXBuildFile; fileRef = CB339682144F17A6005A0DEB /* bg_input@2x.png */; };
		CB339687144F17A9005A0DEB /* icon_big.png in Resources */ = {isa = PBXBuildFile; fileRef = CB339683144F17A7005A0DEB /* icon_big.png */; };
		CB339688144F17A9005A0DEB /* icon_big@2x.png in Resources */ = {isa = PBXBuildFile; fileRef = CB339684144F17A8005A0DEB /* icon_big@2x.png */; };
		CB41021A145698A3007DD334 /* btn_select_a@2x.png in Resources */ = {isa = PBXBuildFile; fileRef = CB410214145698A3007DD334 /* btn_select_a@2x.png */; };
		CB41021B145698A3007DD334 /* btn_select_a.png in Resources */ = {isa = PBXBuildFile; fileRef = CB410215145698A3007DD334 /* btn_select_a.png */; };
		CB41021C145698A3007DD334 /* btn_select_b.png in Resources */ = {isa = PBXBuildFile; fileRef = CB410216145698A3007DD334 /* btn_select_b.png */; };
		CB41021D145698A3007DD334 /* btn_select_b@2x.png in Resources */ = {isa = PBXBuildFile; fileRef = CB410217145698A3007DD334 /* btn_select_b@2x.png */; };
		CB41021E145698A3007DD334 /* bg_commentBar.png in Resources */ = {isa = PBXBuildFile; fileRef = CB410218145698A3007DD334 /* bg_commentBar.png */; };
		CB41021F145698A3007DD334 /* bg_commentBar@2x.png in Resources */ = {isa = PBXBuildFile; fileRef = CB410219145698A3007DD334 /* bg_commentBar@2x.png */; };
		CB41022714569912007DD334 /* PostViewController.m in Sources */ = {isa = PBXBuildFile; fileRef = CB41022614569912007DD334 /* PostViewController.m */; };
		CB41022B14569A37007DD334 /* PostView.m in Sources */ = {isa = PBXBuildFile; fileRef = CB41022A14569A37007DD334 /* PostView.m */; };
		CB41022E1456AA06007DD334 /* nav_btn.png in Resources */ = {isa = PBXBuildFile; fileRef = CB41022C1456AA06007DD334 /* nav_btn.png */; };
		CB41022F1456AA06007DD334 /* nav_btn@2x.png in Resources */ = {isa = PBXBuildFile; fileRef = CB41022D1456AA06007DD334 /* nav_btn@2x.png */; };
		CB52568B144BFB4300741F38 /* TweetViewController.m in Sources */ = {isa = PBXBuildFile; fileRef = CB52568A144BFB4300741F38 /* TweetViewController.m */; };
		CB525690144C004C00741F38 /* bg_Navigation_b.png in Resources */ = {isa = PBXBuildFile; fileRef = CB52568E144C004C00741F38 /* bg_Navigation_b.png */; };
		CB525691144C004C00741F38 /* bg_Navigation_b@2x.png in Resources */ = {isa = PBXBuildFile; fileRef = CB52568F144C004C00741F38 /* bg_Navigation_b@2x.png */; };
		CB525694144C08EE00741F38 /* UserView.m in Sources */ = {isa = PBXBuildFile; fileRef = CB525693144C08EE00741F38 /* UserView.m */; };
		CB525697144C0AE500741F38 /* usercell_background.png in Resources */ = {isa = PBXBuildFile; fileRef = CB525695144C0AE500741F38 /* usercell_background.png */; };
		CB525698144C0AE500741F38 /* usercell_background@2x.png in Resources */ = {isa = PBXBuildFile; fileRef = CB525696144C0AE500741F38 /* usercell_background@2x.png */; };
		CB60DF301448050600B82ED6 /* bg_cellEnd.png in Resources */ = {isa = PBXBuildFile; fileRef = CB60DF2E1448050600B82ED6 /* bg_cellEnd.png */; };
		CB60DF311448050600B82ED6 /* bg_cellEnd@2x.png in Resources */ = {isa = PBXBuildFile; fileRef = CB60DF2F1448050600B82ED6 /* bg_cellEnd@2x.png */; };
		CB60DF381448062000B82ED6 /* WZLoadMoreTableFooterView.m in Sources */ = {isa = PBXBuildFile; fileRef = CB60DF371448062000B82ED6 /* WZLoadMoreTableFooterView.m */; };
		CB60DF3B14482AEC00B82ED6 /* timeline_rt_border.png in Resources */ = {isa = PBXBuildFile; fileRef = CB60DF3914482AEC00B82ED6 /* timeline_rt_border.png */; };
		CB60DF3C14482AEC00B82ED6 /* timeline_rt_border@2x.png in Resources */ = {isa = PBXBuildFile; fileRef = CB60DF3A14482AEC00B82ED6 /* timeline_rt_border@2x.png */; };
		CB8273AA14428B45003D36E8 /* iTunesArtwork in Resources */ = {isa = PBXBuildFile; fileRef = CB8273A914428B45003D36E8 /* iTunesArtwork */; };
		CB8273B4144290C4003D36E8 /* icon_activity.png in Resources */ = {isa = PBXBuildFile; fileRef = CB8273AC144290C4003D36E8 /* icon_activity.png */; };
		CB8273B5144290C4003D36E8 /* icon_activity@2x.png in Resources */ = {isa = PBXBuildFile; fileRef = CB8273AD144290C4003D36E8 /* icon_activity@2x.png */; };
		CB8273B6144290C4003D36E8 /* icon_home.png in Resources */ = {isa = PBXBuildFile; fileRef = CB8273AE144290C4003D36E8 /* icon_home.png */; };
		CB8273B7144290C4003D36E8 /* icon_home@2x.png in Resources */ = {isa = PBXBuildFile; fileRef = CB8273AF144290C4003D36E8 /* icon_home@2x.png */; };
		CB8273B8144290C4003D36E8 /* icon_profile.png in Resources */ = {isa = PBXBuildFile; fileRef = CB8273B0144290C4003D36E8 /* icon_profile.png */; };
		CB8273B9144290C4003D36E8 /* icon_profile@2x.png in Resources */ = {isa = PBXBuildFile; fileRef = CB8273B1144290C4003D36E8 /* icon_profile@2x.png */; };
		CB8273BA144290C4003D36E8 /* icon_topic.png in Resources */ = {isa = PBXBuildFile; fileRef = CB8273B2144290C4003D36E8 /* icon_topic.png */; };
		CB8273BB144290C4003D36E8 /* icon_topic@2x.png in Resources */ = {isa = PBXBuildFile; fileRef = CB8273B3144290C4003D36E8 /* icon_topic@2x.png */; };
		CB8273CA1442975F003D36E8 /* CustomTabBar.m in Sources */ = {isa = PBXBuildFile; fileRef = CB8273C91442975F003D36E8 /* CustomTabBar.m */; };
		CB8273D5144298B3003D36E8 /* TabBarGlow.png in Resources */ = {isa = PBXBuildFile; fileRef = CB8273CB144298B3003D36E8 /* TabBarGlow.png */; };
		CB8273D6144298B3003D36E8 /* TabBarGlow@2x.png in Resources */ = {isa = PBXBuildFile; fileRef = CB8273CC144298B3003D36E8 /* TabBarGlow@2x.png */; };
		CB8273D7144298B3003D36E8 /* TabBarGradient.png in Resources */ = {isa = PBXBuildFile; fileRef = CB8273CD144298B3003D36E8 /* TabBarGradient.png */; };
		CB8273D8144298B3003D36E8 /* TabBarGradient@2x.png in Resources */ = {isa = PBXBuildFile; fileRef = CB8273CE144298B3003D36E8 /* TabBarGradient@2x.png */; };
		CB8273D9144298B3003D36E8 /* TabBarItemSelectedBackground.png in Resources */ = {isa = PBXBuildFile; fileRef = CB8273CF144298B3003D36E8 /* TabBarItemSelectedBackground.png */; };
		CB8273DA144298B3003D36E8 /* TabBarItemSelectedBackground@2x.png in Resources */ = {isa = PBXBuildFile; fileRef = CB8273D0144298B3003D36E8 /* TabBarItemSelectedBackground@2x.png */; };
		CB8273DB144298B3003D36E8 /* TabBarNipple.png in Resources */ = {isa = PBXBuildFile; fileRef = CB8273D1144298B3003D36E8 /* TabBarNipple.png */; };
		CB8273DC144298B3003D36E8 /* TabBarNipple@2x.png in Resources */ = {isa = PBXBuildFile; fileRef = CB8273D2144298B3003D36E8 /* TabBarNipple@2x.png */; };
		CB8273DD144298B3003D36E8 /* TabBarSelection.png in Resources */ = {isa = PBXBuildFile; fileRef = CB8273D3144298B3003D36E8 /* TabBarSelection.png */; };
		CB8273DE144298B3003D36E8 /* TabBarSelection@2x.png in Resources */ = {isa = PBXBuildFile; fileRef = CB8273D4144298B3003D36E8 /* TabBarSelection@2x.png */; };
		CB8273E81442BE47003D36E8 /* Timeline.m in Sources */ = {isa = PBXBuildFile; fileRef = CB8273E71442BE47003D36E8 /* Timeline.m */; };
		CB8273EC1442BED7003D36E8 /* TweetCellBase.m in Sources */ = {isa = PBXBuildFile; fileRef = CB8273EB1442BED7003D36E8 /* TweetCellBase.m */; };
		CB8273EF1442BF65003D36E8 /* TweetCellView.m in Sources */ = {isa = PBXBuildFile; fileRef = CB8273EE1442BF64003D36E8 /* TweetCellView.m */; };
		CB8273F21442C394003D36E8 /* TimelineCell.m in Sources */ = {isa = PBXBuildFile; fileRef = CB8273F11442C393003D36E8 /* TimelineCell.m */; };
		CB8273F51442C47D003D36E8 /* LoadCell.m in Sources */ = {isa = PBXBuildFile; fileRef = CB8273F41442C47D003D36E8 /* LoadCell.m */; };
		CB8273F81442C506003D36E8 /* TimelineDataSource.m in Sources */ = {isa = PBXBuildFile; fileRef = CB8273F71442C506003D36E8 /* TimelineDataSource.m */; };
		CB8273FB1442C9DD003D36E8 /* FriendsTimelineDataSource.m in Sources */ = {isa = PBXBuildFile; fileRef = CB8273FA1442C9DC003D36E8 /* FriendsTimelineDataSource.m */; };
		CB82740C1442D0A8003D36E8 /* FriendsTimelineController.m in Sources */ = {isa = PBXBuildFile; fileRef = CB82740B1442D0A8003D36E8 /* FriendsTimelineController.m */; };
		CB82741B1442DA9A003D36E8 /* HomeViewController.m in Sources */ = {isa = PBXBuildFile; fileRef = CB82741A1442DA9A003D36E8 /* HomeViewController.m */; };
		CB82741E1442DCA0003D36E8 /* CustomNavigation.m in Sources */ = {isa = PBXBuildFile; fileRef = CB82741D1442DCA0003D36E8 /* CustomNavigation.m */; };
		CB859C511446BBCF002A50B4 /* bg_thumbleImage.png in Resources */ = {isa = PBXBuildFile; fileRef = CB859C4D1446BBCF002A50B4 /* bg_thumbleImage.png */; };
		CB859C521446BBCF002A50B4 /* bg_thumbleImage@2x.png in Resources */ = {isa = PBXBuildFile; fileRef = CB859C4E1446BBCF002A50B4 /* bg_thumbleImage@2x.png */; };
		CB859C531446BBCF002A50B4 /* thumbleImage.png in Resources */ = {isa = PBXBuildFile; fileRef = CB859C4F1446BBCF002A50B4 /* thumbleImage.png */; };
		CB859C541446BBCF002A50B4 /* thumbleImage@2x.png in Resources */ = {isa = PBXBuildFile; fileRef = CB859C501446BBCF002A50B4 /* thumbleImage@2x.png */; };
		CB859C5C1446C0C9002A50B4 /* WZRefreshTableHeaderView.m in Sources */ = {isa = PBXBuildFile; fileRef = CB859C5B1446C0C9002A50B4 /* WZRefreshTableHeaderView.m */; };
		CB859C5F1446C11C002A50B4 /* pulltorefresh_arrow.png in Resources */ = {isa = PBXBuildFile; fileRef = CB859C5D1446C11C002A50B4 /* pulltorefresh_arrow.png */; };
		CB859C601446C11C002A50B4 /* pulltorefresh_arrow@2x.png in Resources */ = {isa = PBXBuildFile; fileRef = CB859C5E1446C11C002A50B4 /* pulltorefresh_arrow@2x.png */; };
		CB859C621446C2D6002A50B4 /* QuartzCore.framework in Frameworks */ = {isa = PBXBuildFile; fileRef = CB859C611446C2D6002A50B4 /* QuartzCore.framework */; };
		CB88AB53144529F1000428BF /* bg_cell1.png in Resources */ = {isa = PBXBuildFile; fileRef = CB88AB51144529F1000428BF /* bg_cell1.png */; };
		CB88AB54144529F1000428BF /* bg_cell1@2x.png in Resources */ = {isa = PBXBuildFile; fileRef = CB88AB52144529F1000428BF /* bg_cell1@2x.png */; };
		CB88AB571445351B000428BF /* bg_face1.png in Resources */ = {isa = PBXBuildFile; fileRef = CB88AB551445351B000428BF /* bg_face1.png */; };
		CB88AB581445351B000428BF /* bg_face1@2x.png in Resources */ = {isa = PBXBuildFile; fileRef = CB88AB561445351B000428BF /* bg_face1@2x.png */; };
		CB88AB5F14458C88000428BF /* profileImage.png in Resources */ = {isa = PBXBuildFile; fileRef = CB88AB5D14458C88000428BF /* profileImage.png */; };
		CB88AB6014458C88000428BF /* profileImage@2x.png in Resources */ = {isa = PBXBuildFile; fileRef = CB88AB5E14458C88000428BF /* profileImage@2x.png */; };
		CB88AB67144594BB000428BF /* NSDictionaryAdditions.m in Sources */ = {isa = PBXBuildFile; fileRef = CB88AB66144594BB000428BF /* NSDictionaryAdditions.m */; };
		CB88AB6A1445B4E7000428BF /* ThumbleImageView.m in Sources */ = {isa = PBXBuildFile; fileRef = CB88AB691445B4E6000428BF /* ThumbleImageView.m */; };
		CB88AB6D1445C23D000428BF /* ImageStoreWaiter.m in Sources */ = {isa = PBXBuildFile; fileRef = CB88AB6C1445C23C000428BF /* ImageStoreWaiter.m */; };
		CB8B84831455411A0033B7BA /* CommentCell.m in Sources */ = {isa = PBXBuildFile; fileRef = CB8B84821455411A0033B7BA /* CommentCell.m */; };
		CBA8E5A71442E061003085A4 /* bg_Navigation_a.png in Resources */ = {isa = PBXBuildFile; fileRef = CBA8E5A51442E061003085A4 /* bg_Navigation_a.png */; };
		CBA8E5A81442E061003085A4 /* bg_Navigation_a@2x.png in Resources */ = {isa = PBXBuildFile; fileRef = CBA8E5A61442E061003085A4 /* bg_Navigation_a@2x.png */; };
		CBA8E5AC1442E2CD003085A4 /* ActivityViewController.m in Sources */ = {isa = PBXBuildFile; fileRef = CBA8E5AB1442E2CD003085A4 /* ActivityViewController.m */; };
		CBA8E5B01442E364003085A4 /* LoginViewController.m in Sources */ = {isa = PBXBuildFile; fileRef = CBA8E5AF1442E364003085A4 /* LoginViewController.m */; };
		CBA8E5B41442E4E4003085A4 /* ActivityQuickViewModule.m in Sources */ = {isa = PBXBuildFile; fileRef = CBA8E5B31442E4E4003085A4 /* ActivityQuickViewModule.m */; };
		CBA8E5B71442E53A003085A4 /* temp2.png in Resources */ = {isa = PBXBuildFile; fileRef = CBA8E5B51442E53A003085A4 /* temp2.png */; };
		CBA8E5B81442E53A003085A4 /* temp2@2x.png in Resources */ = {isa = PBXBuildFile; fileRef = CBA8E5B61442E53A003085A4 /* temp2@2x.png */; };
		CBBD222F144D7BEF00342483 /* bg_bmiddleImage.png in Resources */ = {isa = PBXBuildFile; fileRef = CBBD222D144D7BEF00342483 /* bg_bmiddleImage.png */; };
		CBBD2230144D7BEF00342483 /* bg_bmiddleImage@2x.png in Resources */ = {isa = PBXBuildFile; fileRef = CBBD222E144D7BEF00342483 /* bg_bmiddleImage@2x.png */; };
		CBBD2234144D865000342483 /* bmiddleImage.png in Resources */ = {isa = PBXBuildFile; fileRef = CBBD2232144D865000342483 /* bmiddleImage.png */; };
		CBBD2235144D865000342483 /* bmiddleImage@2x.png in Resources */ = {isa = PBXBuildFile; fileRef = CBBD2233144D865000342483 /* bmiddleImage@2x.png */; };
		CBBD83F9144D302300DE3990 /* back_button_alpha.png in Resources */ = {isa = PBXBuildFile; fileRef = CBBD83F7144D302300DE3990 /* back_button_alpha.png */; };
		CBBD83FA144D302300DE3990 /* back_button_alpha@2x.png in Resources */ = {isa = PBXBuildFile; fileRef = CBBD83F8144D302300DE3990 /* back_button_alpha@2x.png */; };
		CBBD83FE144D362700DE3990 /* nav_btn_back.png in Resources */ = {isa = PBXBuildFile; fileRef = CBBD83FC144D362700DE3990 /* nav_btn_back.png */; };
		CBBD83FF144D362700DE3990 /* nav_btn_back@2x.png in Resources */ = {isa = PBXBuildFile; fileRef = CBBD83FD144D362700DE3990 /* nav_btn_back@2x.png */; };
		CBBD8402144D43D500DE3990 /* bg_papertexture.png in Resources */ = {isa = PBXBuildFile; fileRef = CBBD8400144D43D500DE3990 /* bg_papertexture.png */; };
		CBBD8403144D43D500DE3990 /* bg_papertexture@2x.png in Resources */ = {isa = PBXBuildFile; fileRef = CBBD8401144D43D500DE3990 /* bg_papertexture@2x.png */; };
		CBBD8406144D478400DE3990 /* UserTimelineCell.m in Sources */ = {isa = PBXBuildFile; fileRef = CBBD8405144D478400DE3990 /* UserTimelineCell.m */; };
		CBD7ABED14418C500019485E /* UIKit.framework in Frameworks */ = {isa = PBXBuildFile; fileRef = CBD7ABEC14418C500019485E /* UIKit.framework */; };
		CBD7ABEF14418C500019485E /* Foundation.framework in Frameworks */ = {isa = PBXBuildFile; fileRef = CBD7ABEE14418C500019485E /* Foundation.framework */; };
		CBD7ABF114418C500019485E /* CoreGraphics.framework in Frameworks */ = {isa = PBXBuildFile; fileRef = CBD7ABF014418C500019485E /* CoreGraphics.framework */; };
		CBD7ABF714418C500019485E /* InfoPlist.strings in Resources */ = {isa = PBXBuildFile; fileRef = CBD7ABF514418C500019485E /* InfoPlist.strings */; };
		CBD7ABF914418C500019485E /* main.m in Sources */ = {isa = PBXBuildFile; fileRef = CBD7ABF814418C500019485E /* main.m */; };
		CBD7ABFD14418C500019485E /* CarWeiboAppDelegate.m in Sources */ = {isa = PBXBuildFile; fileRef = CBD7ABFC14418C500019485E /* CarWeiboAppDelegate.m */; };
		CBD7AC0014418C500019485E /* MainWindow.xib in Resources */ = {isa = PBXBuildFile; fileRef = CBD7ABFE14418C500019485E /* MainWindow.xib */; };
		CBD7AC0714418C6D0019485E /* Default@2x.png in Resources */ = {isa = PBXBuildFile; fileRef = CBD7AC0614418C6D0019485E /* Default@2x.png */; };
		CBD7AC0914418C6F0019485E /* Default.png in Resources */ = {isa = PBXBuildFile; fileRef = CBD7AC0814418C6F0019485E /* Default.png */; };
		CBD7AC0B14418C710019485E /* Icon.png in Resources */ = {isa = PBXBuildFile; fileRef = CBD7AC0A14418C710019485E /* Icon.png */; };
		CBD7AC0D14418C730019485E /* Icon@2x.png in Resources */ = {isa = PBXBuildFile; fileRef = CBD7AC0C14418C730019485E /* Icon@2x.png */; };
		CBD7AC1514418C810019485E /* bg_header.png in Resources */ = {isa = PBXBuildFile; fileRef = CBD7AC0F14418C810019485E /* bg_header.png */; };
		CBD7AC1614418C810019485E /* bg_header@2x.png in Resources */ = {isa = PBXBuildFile; fileRef = CBD7AC1014418C810019485E /* bg_header@2x.png */; };
		CBD7AC1714418C810019485E /* bg_leathertexture.png in Resources */ = {isa = PBXBuildFile; fileRef = CBD7AC1114418C810019485E /* bg_leathertexture.png */; };
		CBD7AC1814418C810019485E /* bg_leathertexture@2x.png in Resources */ = {isa = PBXBuildFile; fileRef = CBD7AC1214418C810019485E /* bg_leathertexture@2x.png */; };
		CBD7AC1914418C810019485E /* temp1.png in Resources */ = {isa = PBXBuildFile; fileRef = CBD7AC1314418C810019485E /* temp1.png */; };
		CBD7AC1A14418C810019485E /* temp1@2x.png in Resources */ = {isa = PBXBuildFile; fileRef = CBD7AC1414418C810019485E /* temp1@2x.png */; };
		CBD7AC1C14418C8D0019485E /* db1.3.sql in Resources */ = {isa = PBXBuildFile; fileRef = CBD7AC1B14418C8D0019485E /* db1.3.sql */; };
		CBD7AC8B14418CD10019485E /* RootViewController.m in Sources */ = {isa = PBXBuildFile; fileRef = CBD7AC8A14418CD10019485E /* RootViewController.m */; };
		CBD7AC9114418D3D0019485E /* Security.framework in Frameworks */ = {isa = PBXBuildFile; fileRef = CBD7AC9014418D3D0019485E /* Security.framework */; };
		CBD7AC9314418D4C0019485E /* libsqlite3.0.dylib in Frameworks */ = {isa = PBXBuildFile; fileRef = CBD7AC9214418D4B0019485E /* libsqlite3.0.dylib */; };
		CBD7ACB7144191070019485E /* GTMBase64.m in Sources */ = {isa = PBXBuildFile; fileRef = CBD7AC97144191070019485E /* GTMBase64.m */; };
		CBD7ACB8144191070019485E /* ColorUtils.m in Sources */ = {isa = PBXBuildFile; fileRef = CBD7AC9A144191070019485E /* ColorUtils.m */; };
		CBD7ACB9144191070019485E /* ImageUtils.m in Sources */ = {isa = PBXBuildFile; fileRef = CBD7AC9D144191070019485E /* ImageUtils.m */; };
		CBD7ACBA144191070019485E /* NSObject+SBJSON.m in Sources */ = {isa = PBXBuildFile; fileRef = CBD7ACA1144191070019485E /* NSObject+SBJSON.m */; };
		CBD7ACBB144191070019485E /* NSString+SBJSON.m in Sources */ = {isa = PBXBuildFile; fileRef = CBD7ACA3144191070019485E /* NSString+SBJSON.m */; };
		CBD7ACBC144191070019485E /* SBJSON.m in Sources */ = {isa = PBXBuildFile; fileRef = CBD7ACA5144191070019485E /* SBJSON.m */; };
		CBD7ACBD144191070019485E /* SBJsonBase.m in Sources */ = {isa = PBXBuildFile; fileRef = CBD7ACA7144191070019485E /* SBJsonBase.m */; };
		CBD7ACBE144191070019485E /* SBJsonParser.m in Sources */ = {isa = PBXBuildFile; fileRef = CBD7ACA9144191070019485E /* SBJsonParser.m */; };
		CBD7ACBF144191070019485E /* SBJsonWriter.m in Sources */ = {isa = PBXBuildFile; fileRef = CBD7ACAB144191070019485E /* SBJsonWriter.m */; };
		CBD7ACC0144191070019485E /* QuartzUtils.c in Sources */ = {isa = PBXBuildFile; fileRef = CBD7ACAC144191070019485E /* QuartzUtils.c */; };
		CBD7ACC1144191070019485E /* REString.m in Sources */ = {isa = PBXBuildFile; fileRef = CBD7ACAF144191070019485E /* REString.m */; };
		CBD7ACC2144191070019485E /* SFHFKeychainUtils.m in Sources */ = {isa = PBXBuildFile; fileRef = CBD7ACB2144191070019485E /* SFHFKeychainUtils.m */; };
		CBD7ACC3144191070019485E /* StringUtil.m in Sources */ = {isa = PBXBuildFile; fileRef = CBD7ACB4144191070019485E /* StringUtil.m */; };
		CBD7ACC4144191070019485E /* TimeUtils.m in Sources */ = {isa = PBXBuildFile; fileRef = CBD7ACB6144191070019485E /* TimeUtils.m */; };
		CBD7ACEE144191130019485E /* ImageStore.m in Sources */ = {isa = PBXBuildFile; fileRef = CBD7ACC8144191130019485E /* ImageStore.m */; };
		CBD7ACEF144191130019485E /* ImageStoreReceiver.m in Sources */ = {isa = PBXBuildFile; fileRef = CBD7ACCA144191130019485E /* ImageStoreReceiver.m */; };
		CBD7ACF0144191130019485E /* ProfileImageCell.m in Sources */ = {isa = PBXBuildFile; fileRef = CBD7ACCC144191130019485E /* ProfileImageCell.m */; };
		CBD7ACF1144191130019485E /* ProfileImageView.m in Sources */ = {isa = PBXBuildFile; fileRef = CBD7ACCE144191130019485E /* ProfileImageView.m */; };
		CBD7ACF2144191130019485E /* DBConnection.m in Sources */ = {isa = PBXBuildFile; fileRef = CBD7ACD1144191130019485E /* DBConnection.m */; };
		CBD7ACF3144191130019485E /* DirectMessage.m in Sources */ = {isa = PBXBuildFile; fileRef = CBD7ACD3144191130019485E /* DirectMessage.m */; };
		CBD7ACF4144191130019485E /* Followee.m in Sources */ = {isa = PBXBuildFile; fileRef = CBD7ACD5144191130019485E /* Followee.m */; };
		CBD7ACF5144191130019485E /* Statement.m in Sources */ = {isa = PBXBuildFile; fileRef = CBD7ACD7144191130019485E /* Statement.m */; };
		CBD7ACF6144191130019485E /* Status.m in Sources */ = {isa = PBXBuildFile; fileRef = CBD7ACD9144191130019485E /* Status.m */; };
		CBD7ACF7144191130019485E /* Tweet.m in Sources */ = {isa = PBXBuildFile; fileRef = CBD7ACDB144191130019485E /* Tweet.m */; };
		CBD7ACF8144191130019485E /* User.m in Sources */ = {isa = PBXBuildFile; fileRef = CBD7ACDD144191130019485E /* User.m */; };
		CBD7ACF9144191130019485E /* UserStore.m in Sources */ = {isa = PBXBuildFile; fileRef = CBD7ACDF144191130019485E /* UserStore.m */; };
		CBD7ACFA144191130019485E /* ImageDownloader.m in Sources */ = {isa = PBXBuildFile; fileRef = CBD7ACE2144191130019485E /* ImageDownloader.m */; };
		CBD7ACFB144191130019485E /* WBAuthorize.m in Sources */ = {isa = PBXBuildFile; fileRef = CBD7ACE4144191130019485E /* WBAuthorize.m */; };
		CBD7ACFC144191130019485E /* WBConnection.m in Sources */ = {isa = PBXBuildFile; fileRef = CBD7ACE7144191130019485E /* WBConnection.m */; };
		CBD7ACFD144191130019485E /* WBRequest.m in Sources */ = {isa = PBXBuildFile; fileRef = CBD7ACE9144191130019485E /* WBRequest.m */; };
		CBD7ACFE144191130019485E /* WBUtil.m in Sources */ = {isa = PBXBuildFile; fileRef = CBD7ACEB144191130019485E /* WBUtil.m */; };
		CBD7ACFF144191130019485E /* WeiBo.m in Sources */ = {isa = PBXBuildFile; fileRef = CBD7ACED144191130019485E /* WeiBo.m */; };
		CBEB1BBA145020CB008811CC /* CommentsTimelineController.m in Sources */ = {isa = PBXBuildFile; fileRef = CBEB1BB9145020CB008811CC /* CommentsTimelineController.m */; };
		CBEB1BBF145020FE008811CC /* CommentsTimelineDataSource.m in Sources */ = {isa = PBXBuildFile; fileRef = CBEB1BBE145020FE008811CC /* CommentsTimelineDataSource.m */; };
		CBEB1BC21450217A008811CC /* CommentsViewController.m in Sources */ = {isa = PBXBuildFile; fileRef = CBEB1BC11450217A008811CC /* CommentsViewController.m */; };
/* End PBXBuildFile section */

/* Begin PBXFileReference section */
		CB0C65BB14513C5400C5BA1D /* Comment.h */ = {isa = PBXFileReference; fileEncoding = 4; lastKnownFileType = sourcecode.c.h; path = Comment.h; sourceTree = "<group>"; };
		CB0C65BC14513C5400C5BA1D /* Comment.m */ = {isa = PBXFileReference; fileEncoding = 4; lastKnownFileType = sourcecode.c.objc; path = Comment.m; sourceTree = "<group>"; };
		CB33965C144EC862005A0DEB /* toolbar_bg_lt@2x.png */ = {isa = PBXFileReference; lastKnownFileType = image.png; path = "toolbar_bg_lt@2x.png"; sourceTree = "<group>"; };
		CB339664144EC9C5005A0DEB /* TweetInfoViewController.h */ = {isa = PBXFileReference; fileEncoding = 4; lastKnownFileType = sourcecode.c.h; path = TweetInfoViewController.h; sourceTree = "<group>"; };
		CB339665144EC9C5005A0DEB /* TweetInfoViewController.m */ = {isa = PBXFileReference; fileEncoding = 4; lastKnownFileType = sourcecode.c.objc; path = TweetInfoViewController.m; sourceTree = "<group>"; };
		CB339667144ED4C2005A0DEB /* toolbar_bg_lt.png */ = {isa = PBXFileReference; lastKnownFileType = image.png; path = toolbar_bg_lt.png; sourceTree = "<group>"; };
		CB339669144EF1D3005A0DEB /* btn_bg_grey.png */ = {isa = PBXFileReference; lastKnownFileType = image.png; path = btn_bg_grey.png; sourceTree = "<group>"; };
		CB33966A144EF1D3005A0DEB /* btn_bg_grey@2x.png */ = {isa = PBXFileReference; lastKnownFileType = image.png; path = "btn_bg_grey@2x.png"; sourceTree = "<group>"; };
		CB339671144EF5D7005A0DEB /* btn_icon_comment_wt.png */ = {isa = PBXFileReference; lastKnownFileType = image.png; path = btn_icon_comment_wt.png; sourceTree = "<group>"; };
		CB339672144EF5D7005A0DEB /* btn_icon_comment_wt@2x.png */ = {isa = PBXFileReference; lastKnownFileType = image.png; path = "btn_icon_comment_wt@2x.png"; sourceTree = "<group>"; };
		CB339675144EF5EB005A0DEB /* btn_icon_actionsheet_wt.png */ = {isa = PBXFileReference; lastKnownFileType = image.png; path = btn_icon_actionsheet_wt.png; sourceTree = "<group>"; };
		CB339676144EF5EB005A0DEB /* btn_icon_actionsheet_wt@2x.png */ = {isa = PBXFileReference; lastKnownFileType = image.png; path = "btn_icon_actionsheet_wt@2x.png"; sourceTree = "<group>"; };
		CB339679144EFB0F005A0DEB /* bg_cellEnd1.png */ = {isa = PBXFileReference; lastKnownFileType = image.png; path = bg_cellEnd1.png; sourceTree = "<group>"; };
		CB33967A144EFB0F005A0DEB /* bg_cellEnd1@2x.png */ = {isa = PBXFileReference; lastKnownFileType = image.png; path = "bg_cellEnd1@2x.png"; sourceTree = "<group>"; };
		CB33967D144F00E7005A0DEB /* btn_bg_blue.png */ = {isa = PBXFileReference; lastKnownFileType = image.png; path = btn_bg_blue.png; sourceTree = "<group>"; };
		CB33967E144F00E7005A0DEB /* btn_bg_blue@2x.png */ = {isa = PBXFileReference; lastKnownFileType = image.png; path = "btn_bg_blue@2x.png"; sourceTree = "<group>"; };
		CB339681144F17A5005A0DEB /* bg_input.png */ = {isa = PBXFileReference; lastKnownFileType = image.png; path = bg_input.png; sourceTree = "<group>"; };
		CB339682144F17A6005A0DEB /* bg_input@2x.png */ = {isa = PBXFileReference; lastKnownFileType = image.png; path = "bg_input@2x.png"; sourceTree = "<group>"; };
		CB339683144F17A7005A0DEB /* icon_big.png */ = {isa = PBXFileReference; lastKnownFileType = image.png; path = icon_big.png; sourceTree = "<group>"; };
		CB339684144F17A8005A0DEB /* icon_big@2x.png */ = {isa = PBXFileReference; lastKnownFileType = image.png; path = "icon_big@2x.png"; sourceTree = "<group>"; };
		CB410214145698A3007DD334 /* btn_select_a@2x.png */ = {isa = PBXFileReference; lastKnownFileType = image.png; path = "btn_select_a@2x.png"; sourceTree = "<group>"; };
		CB410215145698A3007DD334 /* btn_select_a.png */ = {isa = PBXFileReference; lastKnownFileType = image.png; path = btn_select_a.png; sourceTree = "<group>"; };
		CB410216145698A3007DD334 /* btn_select_b.png */ = {isa = PBXFileReference; lastKnownFileType = image.png; path = btn_select_b.png; sourceTree = "<group>"; };
		CB410217145698A3007DD334 /* btn_select_b@2x.png */ = {isa = PBXFileReference; lastKnownFileType = image.png; path = "btn_select_b@2x.png"; sourceTree = "<group>"; };
		CB410218145698A3007DD334 /* bg_commentBar.png */ = {isa = PBXFileReference; lastKnownFileType = image.png; path = bg_commentBar.png; sourceTree = "<group>"; };
		CB410219145698A3007DD334 /* bg_commentBar@2x.png */ = {isa = PBXFileReference; lastKnownFileType = image.png; path = "bg_commentBar@2x.png"; sourceTree = "<group>"; };
		CB41022514569912007DD334 /* PostViewController.h */ = {isa = PBXFileReference; fileEncoding = 4; lastKnownFileType = sourcecode.c.h; path = PostViewController.h; sourceTree = "<group>"; };
		CB41022614569912007DD334 /* PostViewController.m */ = {isa = PBXFileReference; fileEncoding = 4; lastKnownFileType = sourcecode.c.objc; path = PostViewController.m; sourceTree = "<group>"; };
		CB41022914569A37007DD334 /* PostView.h */ = {isa = PBXFileReference; fileEncoding = 4; lastKnownFileType = sourcecode.c.h; path = PostView.h; sourceTree = "<group>"; };
		CB41022A14569A37007DD334 /* PostView.m */ = {isa = PBXFileReference; fileEncoding = 4; lastKnownFileType = sourcecode.c.objc; path = PostView.m; sourceTree = "<group>"; };
		CB41022C1456AA06007DD334 /* nav_btn.png */ = {isa = PBXFileReference; lastKnownFileType = image.png; path = nav_btn.png; sourceTree = "<group>"; };
		CB41022D1456AA06007DD334 /* nav_btn@2x.png */ = {isa = PBXFileReference; lastKnownFileType = image.png; path = "nav_btn@2x.png"; sourceTree = "<group>"; };
		CB525689144BFB4300741F38 /* TweetViewController.h */ = {isa = PBXFileReference; fileEncoding = 4; lastKnownFileType = sourcecode.c.h; path = TweetViewController.h; sourceTree = "<group>"; };
		CB52568A144BFB4300741F38 /* TweetViewController.m */ = {isa = PBXFileReference; fileEncoding = 4; lastKnownFileType = sourcecode.c.objc; path = TweetViewController.m; sourceTree = "<group>"; };
		CB52568E144C004C00741F38 /* bg_Navigation_b.png */ = {isa = PBXFileReference; lastKnownFileType = image.png; path = bg_Navigation_b.png; sourceTree = "<group>"; };
		CB52568F144C004C00741F38 /* bg_Navigation_b@2x.png */ = {isa = PBXFileReference; lastKnownFileType = image.png; path = "bg_Navigation_b@2x.png"; sourceTree = "<group>"; };
		CB525692144C08EE00741F38 /* UserView.h */ = {isa = PBXFileReference; fileEncoding = 4; lastKnownFileType = sourcecode.c.h; path = UserView.h; sourceTree = "<group>"; };
		CB525693144C08EE00741F38 /* UserView.m */ = {isa = PBXFileReference; fileEncoding = 4; lastKnownFileType = sourcecode.c.objc; path = UserView.m; sourceTree = "<group>"; };
		CB525695144C0AE500741F38 /* usercell_background.png */ = {isa = PBXFileReference; lastKnownFileType = image.png; path = usercell_background.png; sourceTree = "<group>"; };
		CB525696144C0AE500741F38 /* usercell_background@2x.png */ = {isa = PBXFileReference; lastKnownFileType = image.png; path = "usercell_background@2x.png"; sourceTree = "<group>"; };
		CB60DF2E1448050600B82ED6 /* bg_cellEnd.png */ = {isa = PBXFileReference; lastKnownFileType = image.png; path = bg_cellEnd.png; sourceTree = "<group>"; };
		CB60DF2F1448050600B82ED6 /* bg_cellEnd@2x.png */ = {isa = PBXFileReference; lastKnownFileType = image.png; path = "bg_cellEnd@2x.png"; sourceTree = "<group>"; };
		CB60DF361448062000B82ED6 /* WZLoadMoreTableFooterView.h */ = {isa = PBXFileReference; fileEncoding = 4; lastKnownFileType = sourcecode.c.h; path = WZLoadMoreTableFooterView.h; sourceTree = "<group>"; };
		CB60DF371448062000B82ED6 /* WZLoadMoreTableFooterView.m */ = {isa = PBXFileReference; fileEncoding = 4; lastKnownFileType = sourcecode.c.objc; path = WZLoadMoreTableFooterView.m; sourceTree = "<group>"; };
		CB60DF3914482AEC00B82ED6 /* timeline_rt_border.png */ = {isa = PBXFileReference; lastKnownFileType = image.png; path = timeline_rt_border.png; sourceTree = "<group>"; };
		CB60DF3A14482AEC00B82ED6 /* timeline_rt_border@2x.png */ = {isa = PBXFileReference; lastKnownFileType = image.png; path = "timeline_rt_border@2x.png"; sourceTree = "<group>"; };
		CB8273A914428B45003D36E8 /* iTunesArtwork */ = {isa = PBXFileReference; lastKnownFileType = file; path = iTunesArtwork; sourceTree = "<group>"; };
		CB8273AC144290C4003D36E8 /* icon_activity.png */ = {isa = PBXFileReference; lastKnownFileType = image.png; path = icon_activity.png; sourceTree = "<group>"; };
		CB8273AD144290C4003D36E8 /* icon_activity@2x.png */ = {isa = PBXFileReference; lastKnownFileType = image.png; path = "icon_activity@2x.png"; sourceTree = "<group>"; };
		CB8273AE144290C4003D36E8 /* icon_home.png */ = {isa = PBXFileReference; lastKnownFileType = image.png; path = icon_home.png; sourceTree = "<group>"; };
		CB8273AF144290C4003D36E8 /* icon_home@2x.png */ = {isa = PBXFileReference; lastKnownFileType = image.png; path = "icon_home@2x.png"; sourceTree = "<group>"; };
		CB8273B0144290C4003D36E8 /* icon_profile.png */ = {isa = PBXFileReference; lastKnownFileType = image.png; path = icon_profile.png; sourceTree = "<group>"; };
		CB8273B1144290C4003D36E8 /* icon_profile@2x.png */ = {isa = PBXFileReference; lastKnownFileType = image.png; path = "icon_profile@2x.png"; sourceTree = "<group>"; };
		CB8273B2144290C4003D36E8 /* icon_topic.png */ = {isa = PBXFileReference; lastKnownFileType = image.png; path = icon_topic.png; sourceTree = "<group>"; };
		CB8273B3144290C4003D36E8 /* icon_topic@2x.png */ = {isa = PBXFileReference; lastKnownFileType = image.png; path = "icon_topic@2x.png"; sourceTree = "<group>"; };
		CB8273C81442975F003D36E8 /* CustomTabBar.h */ = {isa = PBXFileReference; fileEncoding = 4; lastKnownFileType = sourcecode.c.h; path = CustomTabBar.h; sourceTree = "<group>"; };
		CB8273C91442975F003D36E8 /* CustomTabBar.m */ = {isa = PBXFileReference; fileEncoding = 4; lastKnownFileType = sourcecode.c.objc; path = CustomTabBar.m; sourceTree = "<group>"; };
		CB8273CB144298B3003D36E8 /* TabBarGlow.png */ = {isa = PBXFileReference; lastKnownFileType = image.png; path = TabBarGlow.png; sourceTree = "<group>"; };
		CB8273CC144298B3003D36E8 /* TabBarGlow@2x.png */ = {isa = PBXFileReference; lastKnownFileType = image.png; path = "TabBarGlow@2x.png"; sourceTree = "<group>"; };
		CB8273CD144298B3003D36E8 /* TabBarGradient.png */ = {isa = PBXFileReference; lastKnownFileType = image.png; path = TabBarGradient.png; sourceTree = "<group>"; };
		CB8273CE144298B3003D36E8 /* TabBarGradient@2x.png */ = {isa = PBXFileReference; lastKnownFileType = image.png; path = "TabBarGradient@2x.png"; sourceTree = "<group>"; };
		CB8273CF144298B3003D36E8 /* TabBarItemSelectedBackground.png */ = {isa = PBXFileReference; lastKnownFileType = image.png; path = TabBarItemSelectedBackground.png; sourceTree = "<group>"; };
		CB8273D0144298B3003D36E8 /* TabBarItemSelectedBackground@2x.png */ = {isa = PBXFileReference; lastKnownFileType = image.png; path = "TabBarItemSelectedBackground@2x.png"; sourceTree = "<group>"; };
		CB8273D1144298B3003D36E8 /* TabBarNipple.png */ = {isa = PBXFileReference; lastKnownFileType = image.png; path = TabBarNipple.png; sourceTree = "<group>"; };
		CB8273D2144298B3003D36E8 /* TabBarNipple@2x.png */ = {isa = PBXFileReference; lastKnownFileType = image.png; path = "TabBarNipple@2x.png"; sourceTree = "<group>"; };
		CB8273D3144298B3003D36E8 /* TabBarSelection.png */ = {isa = PBXFileReference; lastKnownFileType = image.png; path = TabBarSelection.png; sourceTree = "<group>"; };
		CB8273D4144298B3003D36E8 /* TabBarSelection@2x.png */ = {isa = PBXFileReference; lastKnownFileType = image.png; path = "TabBarSelection@2x.png"; sourceTree = "<group>"; };
		CB8273E61442BE47003D36E8 /* Timeline.h */ = {isa = PBXFileReference; fileEncoding = 4; lastKnownFileType = sourcecode.c.h; path = Timeline.h; sourceTree = "<group>"; };
		CB8273E71442BE47003D36E8 /* Timeline.m */ = {isa = PBXFileReference; fileEncoding = 4; lastKnownFileType = sourcecode.c.objc; path = Timeline.m; sourceTree = "<group>"; };
		CB8273EA1442BED7003D36E8 /* TweetCellBase.h */ = {isa = PBXFileReference; fileEncoding = 4; lastKnownFileType = sourcecode.c.h; path = TweetCellBase.h; sourceTree = "<group>"; };
		CB8273EB1442BED7003D36E8 /* TweetCellBase.m */ = {isa = PBXFileReference; fileEncoding = 4; lastKnownFileType = sourcecode.c.objc; path = TweetCellBase.m; sourceTree = "<group>"; };
		CB8273ED1442BF64003D36E8 /* TweetCellView.h */ = {isa = PBXFileReference; fileEncoding = 4; lastKnownFileType = sourcecode.c.h; path = TweetCellView.h; sourceTree = "<group>"; };
		CB8273EE1442BF64003D36E8 /* TweetCellView.m */ = {isa = PBXFileReference; fileEncoding = 4; lastKnownFileType = sourcecode.c.objc; path = TweetCellView.m; sourceTree = "<group>"; };
		CB8273F01442C393003D36E8 /* TimelineCell.h */ = {isa = PBXFileReference; fileEncoding = 4; lastKnownFileType = sourcecode.c.h; path = TimelineCell.h; sourceTree = "<group>"; };
		CB8273F11442C393003D36E8 /* TimelineCell.m */ = {isa = PBXFileReference; fileEncoding = 4; lastKnownFileType = sourcecode.c.objc; path = TimelineCell.m; sourceTree = "<group>"; };
		CB8273F31442C47D003D36E8 /* LoadCell.h */ = {isa = PBXFileReference; fileEncoding = 4; lastKnownFileType = sourcecode.c.h; path = LoadCell.h; sourceTree = "<group>"; };
		CB8273F41442C47D003D36E8 /* LoadCell.m */ = {isa = PBXFileReference; fileEncoding = 4; lastKnownFileType = sourcecode.c.objc; path = LoadCell.m; sourceTree = "<group>"; };
		CB8273F61442C506003D36E8 /* TimelineDataSource.h */ = {isa = PBXFileReference; fileEncoding = 4; lastKnownFileType = sourcecode.c.h; path = TimelineDataSource.h; sourceTree = "<group>"; };
		CB8273F71442C506003D36E8 /* TimelineDataSource.m */ = {isa = PBXFileReference; fileEncoding = 4; lastKnownFileType = sourcecode.c.objc; path = TimelineDataSource.m; sourceTree = "<group>"; };
		CB8273F91442C9DB003D36E8 /* FriendsTimelineDataSource.h */ = {isa = PBXFileReference; fileEncoding = 4; lastKnownFileType = sourcecode.c.h; path = FriendsTimelineDataSource.h; sourceTree = "<group>"; };
		CB8273FA1442C9DC003D36E8 /* FriendsTimelineDataSource.m */ = {isa = PBXFileReference; fileEncoding = 4; lastKnownFileType = sourcecode.c.objc; path = FriendsTimelineDataSource.m; sourceTree = "<group>"; };
		CB82740A1442D0A8003D36E8 /* FriendsTimelineController.h */ = {isa = PBXFileReference; fileEncoding = 4; lastKnownFileType = sourcecode.c.h; path = FriendsTimelineController.h; sourceTree = "<group>"; };
		CB82740B1442D0A8003D36E8 /* FriendsTimelineController.m */ = {isa = PBXFileReference; fileEncoding = 4; lastKnownFileType = sourcecode.c.objc; path = FriendsTimelineController.m; sourceTree = "<group>"; };
		CB8274191442DA9A003D36E8 /* HomeViewController.h */ = {isa = PBXFileReference; fileEncoding = 4; lastKnownFileType = sourcecode.c.h; path = HomeViewController.h; sourceTree = "<group>"; };
		CB82741A1442DA9A003D36E8 /* HomeViewController.m */ = {isa = PBXFileReference; fileEncoding = 4; lastKnownFileType = sourcecode.c.objc; path = HomeViewController.m; sourceTree = "<group>"; };
		CB82741C1442DCA0003D36E8 /* CustomNavigation.h */ = {isa = PBXFileReference; fileEncoding = 4; lastKnownFileType = sourcecode.c.h; path = CustomNavigation.h; sourceTree = "<group>"; };
		CB82741D1442DCA0003D36E8 /* CustomNavigation.m */ = {isa = PBXFileReference; fileEncoding = 4; lastKnownFileType = sourcecode.c.objc; path = CustomNavigation.m; sourceTree = "<group>"; };
		CB859C4D1446BBCF002A50B4 /* bg_thumbleImage.png */ = {isa = PBXFileReference; lastKnownFileType = image.png; path = bg_thumbleImage.png; sourceTree = "<group>"; };
		CB859C4E1446BBCF002A50B4 /* bg_thumbleImage@2x.png */ = {isa = PBXFileReference; lastKnownFileType = image.png; path = "bg_thumbleImage@2x.png"; sourceTree = "<group>"; };
		CB859C4F1446BBCF002A50B4 /* thumbleImage.png */ = {isa = PBXFileReference; lastKnownFileType = image.png; path = thumbleImage.png; sourceTree = "<group>"; };
		CB859C501446BBCF002A50B4 /* thumbleImage@2x.png */ = {isa = PBXFileReference; lastKnownFileType = image.png; path = "thumbleImage@2x.png"; sourceTree = "<group>"; };
		CB859C5A1446C0C9002A50B4 /* WZRefreshTableHeaderView.h */ = {isa = PBXFileReference; fileEncoding = 4; lastKnownFileType = sourcecode.c.h; path = WZRefreshTableHeaderView.h; sourceTree = "<group>"; };
		CB859C5B1446C0C9002A50B4 /* WZRefreshTableHeaderView.m */ = {isa = PBXFileReference; fileEncoding = 4; lastKnownFileType = sourcecode.c.objc; path = WZRefreshTableHeaderView.m; sourceTree = "<group>"; };
		CB859C5D1446C11C002A50B4 /* pulltorefresh_arrow.png */ = {isa = PBXFileReference; lastKnownFileType = image.png; path = pulltorefresh_arrow.png; sourceTree = "<group>"; };
		CB859C5E1446C11C002A50B4 /* pulltorefresh_arrow@2x.png */ = {isa = PBXFileReference; lastKnownFileType = image.png; path = "pulltorefresh_arrow@2x.png"; sourceTree = "<group>"; };
		CB859C611446C2D6002A50B4 /* QuartzCore.framework */ = {isa = PBXFileReference; lastKnownFileType = wrapper.framework; name = QuartzCore.framework; path = System/Library/Frameworks/QuartzCore.framework; sourceTree = SDKROOT; };
		CB88AB51144529F1000428BF /* bg_cell1.png */ = {isa = PBXFileReference; lastKnownFileType = image.png; path = bg_cell1.png; sourceTree = "<group>"; };
		CB88AB52144529F1000428BF /* bg_cell1@2x.png */ = {isa = PBXFileReference; lastKnownFileType = image.png; path = "bg_cell1@2x.png"; sourceTree = "<group>"; };
		CB88AB551445351B000428BF /* bg_face1.png */ = {isa = PBXFileReference; lastKnownFileType = image.png; path = bg_face1.png; sourceTree = "<group>"; };
		CB88AB561445351B000428BF /* bg_face1@2x.png */ = {isa = PBXFileReference; lastKnownFileType = image.png; path = "bg_face1@2x.png"; sourceTree = "<group>"; };
		CB88AB5D14458C88000428BF /* profileImage.png */ = {isa = PBXFileReference; lastKnownFileType = image.png; path = profileImage.png; sourceTree = "<group>"; };
		CB88AB5E14458C88000428BF /* profileImage@2x.png */ = {isa = PBXFileReference; lastKnownFileType = image.png; path = "profileImage@2x.png"; sourceTree = "<group>"; };
		CB88AB65144594BB000428BF /* NSDictionaryAdditions.h */ = {isa = PBXFileReference; fileEncoding = 4; lastKnownFileType = sourcecode.c.h; path = NSDictionaryAdditions.h; sourceTree = "<group>"; };
		CB88AB66144594BB000428BF /* NSDictionaryAdditions.m */ = {isa = PBXFileReference; fileEncoding = 4; lastKnownFileType = sourcecode.c.objc; path = NSDictionaryAdditions.m; sourceTree = "<group>"; };
		CB88AB681445B4E6000428BF /* ThumbleImageView.h */ = {isa = PBXFileReference; fileEncoding = 4; lastKnownFileType = sourcecode.c.h; path = ThumbleImageView.h; sourceTree = "<group>"; };
		CB88AB691445B4E6000428BF /* ThumbleImageView.m */ = {isa = PBXFileReference; fileEncoding = 4; lastKnownFileType = sourcecode.c.objc; path = ThumbleImageView.m; sourceTree = "<group>"; };
		CB88AB6B1445C23C000428BF /* ImageStoreWaiter.h */ = {isa = PBXFileReference; fileEncoding = 4; lastKnownFileType = sourcecode.c.h; path = ImageStoreWaiter.h; sourceTree = "<group>"; };
		CB88AB6C1445C23C000428BF /* ImageStoreWaiter.m */ = {isa = PBXFileReference; fileEncoding = 4; lastKnownFileType = sourcecode.c.objc; path = ImageStoreWaiter.m; sourceTree = "<group>"; };
		CB8B84811455411A0033B7BA /* CommentCell.h */ = {isa = PBXFileReference; fileEncoding = 4; lastKnownFileType = sourcecode.c.h; path = CommentCell.h; sourceTree = "<group>"; };
		CB8B84821455411A0033B7BA /* CommentCell.m */ = {isa = PBXFileReference; fileEncoding = 4; lastKnownFileType = sourcecode.c.objc; path = CommentCell.m; sourceTree = "<group>"; };
		CBA8E5A51442E061003085A4 /* bg_Navigation_a.png */ = {isa = PBXFileReference; lastKnownFileType = image.png; path = bg_Navigation_a.png; sourceTree = "<group>"; };
		CBA8E5A61442E061003085A4 /* bg_Navigation_a@2x.png */ = {isa = PBXFileReference; lastKnownFileType = image.png; path = "bg_Navigation_a@2x.png"; sourceTree = "<group>"; };
		CBA8E5AA1442E2CD003085A4 /* ActivityViewController.h */ = {isa = PBXFileReference; fileEncoding = 4; lastKnownFileType = sourcecode.c.h; path = ActivityViewController.h; sourceTree = "<group>"; };
		CBA8E5AB1442E2CD003085A4 /* ActivityViewController.m */ = {isa = PBXFileReference; fileEncoding = 4; lastKnownFileType = sourcecode.c.objc; path = ActivityViewController.m; sourceTree = "<group>"; };
		CBA8E5AE1442E364003085A4 /* LoginViewController.h */ = {isa = PBXFileReference; fileEncoding = 4; lastKnownFileType = sourcecode.c.h; path = LoginViewController.h; sourceTree = "<group>"; };
		CBA8E5AF1442E364003085A4 /* LoginViewController.m */ = {isa = PBXFileReference; fileEncoding = 4; lastKnownFileType = sourcecode.c.objc; path = LoginViewController.m; sourceTree = "<group>"; };
		CBA8E5B21442E4E4003085A4 /* ActivityQuickViewModule.h */ = {isa = PBXFileReference; fileEncoding = 4; lastKnownFileType = sourcecode.c.h; path = ActivityQuickViewModule.h; sourceTree = "<group>"; };
		CBA8E5B31442E4E4003085A4 /* ActivityQuickViewModule.m */ = {isa = PBXFileReference; fileEncoding = 4; lastKnownFileType = sourcecode.c.objc; path = ActivityQuickViewModule.m; sourceTree = "<group>"; };
		CBA8E5B51442E53A003085A4 /* temp2.png */ = {isa = PBXFileReference; lastKnownFileType = image.png; path = temp2.png; sourceTree = "<group>"; };
		CBA8E5B61442E53A003085A4 /* temp2@2x.png */ = {isa = PBXFileReference; lastKnownFileType = image.png; path = "temp2@2x.png"; sourceTree = "<group>"; };
		CBBD222D144D7BEF00342483 /* bg_bmiddleImage.png */ = {isa = PBXFileReference; lastKnownFileType = image.png; path = bg_bmiddleImage.png; sourceTree = "<group>"; };
		CBBD222E144D7BEF00342483 /* bg_bmiddleImage@2x.png */ = {isa = PBXFileReference; lastKnownFileType = image.png; path = "bg_bmiddleImage@2x.png"; sourceTree = "<group>"; };
		CBBD2232144D865000342483 /* bmiddleImage.png */ = {isa = PBXFileReference; lastKnownFileType = image.png; path = bmiddleImage.png; sourceTree = "<group>"; };
		CBBD2233144D865000342483 /* bmiddleImage@2x.png */ = {isa = PBXFileReference; lastKnownFileType = image.png; path = "bmiddleImage@2x.png"; sourceTree = "<group>"; };
		CBBD83F7144D302300DE3990 /* back_button_alpha.png */ = {isa = PBXFileReference; lastKnownFileType = image.png; path = back_button_alpha.png; sourceTree = "<group>"; };
		CBBD83F8144D302300DE3990 /* back_button_alpha@2x.png */ = {isa = PBXFileReference; lastKnownFileType = image.png; path = "back_button_alpha@2x.png"; sourceTree = "<group>"; };
		CBBD83FC144D362700DE3990 /* nav_btn_back.png */ = {isa = PBXFileReference; lastKnownFileType = image.png; path = nav_btn_back.png; sourceTree = "<group>"; };
		CBBD83FD144D362700DE3990 /* nav_btn_back@2x.png */ = {isa = PBXFileReference; lastKnownFileType = image.png; path = "nav_btn_back@2x.png"; sourceTree = "<group>"; };
		CBBD8400144D43D500DE3990 /* bg_papertexture.png */ = {isa = PBXFileReference; lastKnownFileType = image.png; path = bg_papertexture.png; sourceTree = "<group>"; };
		CBBD8401144D43D500DE3990 /* bg_papertexture@2x.png */ = {isa = PBXFileReference; lastKnownFileType = image.png; path = "bg_papertexture@2x.png"; sourceTree = "<group>"; };
		CBBD8404144D478400DE3990 /* UserTimelineCell.h */ = {isa = PBXFileReference; fileEncoding = 4; lastKnownFileType = sourcecode.c.h; path = UserTimelineCell.h; sourceTree = "<group>"; };
		CBBD8405144D478400DE3990 /* UserTimelineCell.m */ = {isa = PBXFileReference; fileEncoding = 4; lastKnownFileType = sourcecode.c.objc; path = UserTimelineCell.m; sourceTree = "<group>"; };
		CBD7ABE814418C500019485E /* CarWeibo.app */ = {isa = PBXFileReference; explicitFileType = wrapper.application; includeInIndex = 0; path = CarWeibo.app; sourceTree = BUILT_PRODUCTS_DIR; };
		CBD7ABEC14418C500019485E /* UIKit.framework */ = {isa = PBXFileReference; lastKnownFileType = wrapper.framework; name = UIKit.framework; path = System/Library/Frameworks/UIKit.framework; sourceTree = SDKROOT; };
		CBD7ABEE14418C500019485E /* Foundation.framework */ = {isa = PBXFileReference; lastKnownFileType = wrapper.framework; name = Foundation.framework; path = System/Library/Frameworks/Foundation.framework; sourceTree = SDKROOT; };
		CBD7ABF014418C500019485E /* CoreGraphics.framework */ = {isa = PBXFileReference; lastKnownFileType = wrapper.framework; name = CoreGraphics.framework; path = System/Library/Frameworks/CoreGraphics.framework; sourceTree = SDKROOT; };
		CBD7ABF414418C500019485E /* CarWeibo-Info.plist */ = {isa = PBXFileReference; lastKnownFileType = text.plist.xml; path = "CarWeibo-Info.plist"; sourceTree = "<group>"; };
		CBD7ABF614418C500019485E /* en */ = {isa = PBXFileReference; lastKnownFileType = text.plist.strings; name = en; path = en.lproj/InfoPlist.strings; sourceTree = "<group>"; };
		CBD7ABF814418C500019485E /* main.m */ = {isa = PBXFileReference; lastKnownFileType = sourcecode.c.objc; path = main.m; sourceTree = "<group>"; };
		CBD7ABFA14418C500019485E /* CarWeibo-Prefix.pch */ = {isa = PBXFileReference; lastKnownFileType = sourcecode.c.h; path = "CarWeibo-Prefix.pch"; sourceTree = "<group>"; };
		CBD7ABFB14418C500019485E /* CarWeiboAppDelegate.h */ = {isa = PBXFileReference; lastKnownFileType = sourcecode.c.h; path = CarWeiboAppDelegate.h; sourceTree = "<group>"; };
		CBD7ABFC14418C500019485E /* CarWeiboAppDelegate.m */ = {isa = PBXFileReference; lastKnownFileType = sourcecode.c.objc; path = CarWeiboAppDelegate.m; sourceTree = "<group>"; };
		CBD7ABFF14418C500019485E /* en */ = {isa = PBXFileReference; lastKnownFileType = file.xib; name = en; path = en.lproj/MainWindow.xib; sourceTree = "<group>"; };
		CBD7AC0614418C6D0019485E /* Default@2x.png */ = {isa = PBXFileReference; lastKnownFileType = image.png; path = "Default@2x.png"; sourceTree = "<group>"; };
		CBD7AC0814418C6F0019485E /* Default.png */ = {isa = PBXFileReference; lastKnownFileType = image.png; path = Default.png; sourceTree = "<group>"; };
		CBD7AC0A14418C710019485E /* Icon.png */ = {isa = PBXFileReference; lastKnownFileType = image.png; path = Icon.png; sourceTree = "<group>"; };
		CBD7AC0C14418C730019485E /* Icon@2x.png */ = {isa = PBXFileReference; lastKnownFileType = image.png; path = "Icon@2x.png"; sourceTree = "<group>"; };
		CBD7AC0F14418C810019485E /* bg_header.png */ = {isa = PBXFileReference; lastKnownFileType = image.png; path = bg_header.png; sourceTree = "<group>"; };
		CBD7AC1014418C810019485E /* bg_header@2x.png */ = {isa = PBXFileReference; lastKnownFileType = image.png; path = "bg_header@2x.png"; sourceTree = "<group>"; };
		CBD7AC1114418C810019485E /* bg_leathertexture.png */ = {isa = PBXFileReference; lastKnownFileType = image.png; path = bg_leathertexture.png; sourceTree = "<group>"; };
		CBD7AC1214418C810019485E /* bg_leathertexture@2x.png */ = {isa = PBXFileReference; lastKnownFileType = image.png; path = "bg_leathertexture@2x.png"; sourceTree = "<group>"; };
		CBD7AC1314418C810019485E /* temp1.png */ = {isa = PBXFileReference; lastKnownFileType = image.png; path = temp1.png; sourceTree = "<group>"; };
		CBD7AC1414418C810019485E /* temp1@2x.png */ = {isa = PBXFileReference; lastKnownFileType = image.png; path = "temp1@2x.png"; sourceTree = "<group>"; };
		CBD7AC1B14418C8D0019485E /* db1.3.sql */ = {isa = PBXFileReference; lastKnownFileType = file; path = db1.3.sql; sourceTree = "<group>"; };
		CBD7AC8914418CD10019485E /* RootViewController.h */ = {isa = PBXFileReference; fileEncoding = 4; lastKnownFileType = sourcecode.c.h; path = RootViewController.h; sourceTree = "<group>"; };
		CBD7AC8A14418CD10019485E /* RootViewController.m */ = {isa = PBXFileReference; fileEncoding = 4; lastKnownFileType = sourcecode.c.objc; path = RootViewController.m; sourceTree = "<group>"; };
		CBD7AC9014418D3D0019485E /* Security.framework */ = {isa = PBXFileReference; lastKnownFileType = wrapper.framework; name = Security.framework; path = System/Library/Frameworks/Security.framework; sourceTree = SDKROOT; };
		CBD7AC9214418D4B0019485E /* libsqlite3.0.dylib */ = {isa = PBXFileReference; lastKnownFileType = "compiled.mach-o.dylib"; name = libsqlite3.0.dylib; path = usr/lib/libsqlite3.0.dylib; sourceTree = SDKROOT; };
		CBD7AC96144191070019485E /* GTMBase64.h */ = {isa = PBXFileReference; fileEncoding = 4; lastKnownFileType = sourcecode.c.h; path = GTMBase64.h; sourceTree = "<group>"; };
		CBD7AC97144191070019485E /* GTMBase64.m */ = {isa = PBXFileReference; fileEncoding = 4; lastKnownFileType = sourcecode.c.objc; path = GTMBase64.m; sourceTree = "<group>"; };
		CBD7AC98144191070019485E /* GTMDefines.h */ = {isa = PBXFileReference; fileEncoding = 4; lastKnownFileType = sourcecode.c.h; path = GTMDefines.h; sourceTree = "<group>"; };
		CBD7AC99144191070019485E /* ColorUtils.h */ = {isa = PBXFileReference; fileEncoding = 4; lastKnownFileType = sourcecode.c.h; path = ColorUtils.h; sourceTree = "<group>"; };
		CBD7AC9A144191070019485E /* ColorUtils.m */ = {isa = PBXFileReference; fileEncoding = 4; lastKnownFileType = sourcecode.c.objc; path = ColorUtils.m; sourceTree = "<group>"; };
		CBD7AC9B144191070019485E /* DebugUtils.h */ = {isa = PBXFileReference; fileEncoding = 4; lastKnownFileType = sourcecode.c.h; path = DebugUtils.h; sourceTree = "<group>"; };
		CBD7AC9C144191070019485E /* ImageUtils.h */ = {isa = PBXFileReference; fileEncoding = 4; lastKnownFileType = sourcecode.c.h; path = ImageUtils.h; sourceTree = "<group>"; };
		CBD7AC9D144191070019485E /* ImageUtils.m */ = {isa = PBXFileReference; fileEncoding = 4; lastKnownFileType = sourcecode.c.objc; path = ImageUtils.m; sourceTree = "<group>"; };
		CBD7AC9F144191070019485E /* JSON.h */ = {isa = PBXFileReference; fileEncoding = 4; lastKnownFileType = sourcecode.c.h; path = JSON.h; sourceTree = "<group>"; };
		CBD7ACA0144191070019485E /* NSObject+SBJSON.h */ = {isa = PBXFileReference; fileEncoding = 4; lastKnownFileType = sourcecode.c.h; path = "NSObject+SBJSON.h"; sourceTree = "<group>"; };
		CBD7ACA1144191070019485E /* NSObject+SBJSON.m */ = {isa = PBXFileReference; fileEncoding = 4; lastKnownFileType = sourcecode.c.objc; path = "NSObject+SBJSON.m"; sourceTree = "<group>"; };
		CBD7ACA2144191070019485E /* NSString+SBJSON.h */ = {isa = PBXFileReference; fileEncoding = 4; lastKnownFileType = sourcecode.c.h; path = "NSString+SBJSON.h"; sourceTree = "<group>"; };
		CBD7ACA3144191070019485E /* NSString+SBJSON.m */ = {isa = PBXFileReference; fileEncoding = 4; lastKnownFileType = sourcecode.c.objc; path = "NSString+SBJSON.m"; sourceTree = "<group>"; };
		CBD7ACA4144191070019485E /* SBJSON.h */ = {isa = PBXFileReference; fileEncoding = 4; lastKnownFileType = sourcecode.c.h; path = SBJSON.h; sourceTree = "<group>"; };
		CBD7ACA5144191070019485E /* SBJSON.m */ = {isa = PBXFileReference; fileEncoding = 4; lastKnownFileType = sourcecode.c.objc; path = SBJSON.m; sourceTree = "<group>"; };
		CBD7ACA6144191070019485E /* SBJsonBase.h */ = {isa = PBXFileReference; fileEncoding = 4; lastKnownFileType = sourcecode.c.h; path = SBJsonBase.h; sourceTree = "<group>"; };
		CBD7ACA7144191070019485E /* SBJsonBase.m */ = {isa = PBXFileReference; fileEncoding = 4; lastKnownFileType = sourcecode.c.objc; path = SBJsonBase.m; sourceTree = "<group>"; };
		CBD7ACA8144191070019485E /* SBJsonParser.h */ = {isa = PBXFileReference; fileEncoding = 4; lastKnownFileType = sourcecode.c.h; path = SBJsonParser.h; sourceTree = "<group>"; };
		CBD7ACA9144191070019485E /* SBJsonParser.m */ = {isa = PBXFileReference; fileEncoding = 4; lastKnownFileType = sourcecode.c.objc; path = SBJsonParser.m; sourceTree = "<group>"; };
		CBD7ACAA144191070019485E /* SBJsonWriter.h */ = {isa = PBXFileReference; fileEncoding = 4; lastKnownFileType = sourcecode.c.h; path = SBJsonWriter.h; sourceTree = "<group>"; };
		CBD7ACAB144191070019485E /* SBJsonWriter.m */ = {isa = PBXFileReference; fileEncoding = 4; lastKnownFileType = sourcecode.c.objc; path = SBJsonWriter.m; sourceTree = "<group>"; };
		CBD7ACAC144191070019485E /* QuartzUtils.c */ = {isa = PBXFileReference; fileEncoding = 4; lastKnownFileType = sourcecode.c.c; path = QuartzUtils.c; sourceTree = "<group>"; };
		CBD7ACAD144191070019485E /* QuartzUtils.h */ = {isa = PBXFileReference; fileEncoding = 4; lastKnownFileType = sourcecode.c.h; path = QuartzUtils.h; sourceTree = "<group>"; };
		CBD7ACAE144191070019485E /* REString.h */ = {isa = PBXFileReference; fileEncoding = 4; lastKnownFileType = sourcecode.c.h; path = REString.h; sourceTree = "<group>"; };
		CBD7ACAF144191070019485E /* REString.m */ = {isa = PBXFileReference; fileEncoding = 4; lastKnownFileType = sourcecode.c.objc; path = REString.m; sourceTree = "<group>"; };
		CBD7ACB1144191070019485E /* SFHFKeychainUtils.h */ = {isa = PBXFileReference; fileEncoding = 4; lastKnownFileType = sourcecode.c.h; path = SFHFKeychainUtils.h; sourceTree = "<group>"; };
		CBD7ACB2144191070019485E /* SFHFKeychainUtils.m */ = {isa = PBXFileReference; fileEncoding = 4; lastKnownFileType = sourcecode.c.objc; path = SFHFKeychainUtils.m; sourceTree = "<group>"; };
		CBD7ACB3144191070019485E /* StringUtil.h */ = {isa = PBXFileReference; fileEncoding = 4; lastKnownFileType = sourcecode.c.h; path = StringUtil.h; sourceTree = "<group>"; };
		CBD7ACB4144191070019485E /* StringUtil.m */ = {isa = PBXFileReference; fileEncoding = 4; lastKnownFileType = sourcecode.c.objc; path = StringUtil.m; sourceTree = "<group>"; };
		CBD7ACB5144191070019485E /* TimeUtils.h */ = {isa = PBXFileReference; fileEncoding = 4; lastKnownFileType = sourcecode.c.h; path = TimeUtils.h; sourceTree = "<group>"; };
		CBD7ACB6144191070019485E /* TimeUtils.m */ = {isa = PBXFileReference; fileEncoding = 4; lastKnownFileType = sourcecode.c.objc; path = TimeUtils.m; sourceTree = "<group>"; };
		CBD7ACC7144191130019485E /* ImageStore.h */ = {isa = PBXFileReference; fileEncoding = 4; lastKnownFileType = sourcecode.c.h; path = ImageStore.h; sourceTree = "<group>"; };
		CBD7ACC8144191130019485E /* ImageStore.m */ = {isa = PBXFileReference; fileEncoding = 4; lastKnownFileType = sourcecode.c.objc; path = ImageStore.m; sourceTree = "<group>"; };
		CBD7ACC9144191130019485E /* ImageStoreReceiver.h */ = {isa = PBXFileReference; fileEncoding = 4; lastKnownFileType = sourcecode.c.h; path = ImageStoreReceiver.h; sourceTree = "<group>"; };
		CBD7ACCA144191130019485E /* ImageStoreReceiver.m */ = {isa = PBXFileReference; fileEncoding = 4; lastKnownFileType = sourcecode.c.objc; path = ImageStoreReceiver.m; sourceTree = "<group>"; };
		CBD7ACCB144191130019485E /* ProfileImageCell.h */ = {isa = PBXFileReference; fileEncoding = 4; lastKnownFileType = sourcecode.c.h; path = ProfileImageCell.h; sourceTree = "<group>"; };
		CBD7ACCC144191130019485E /* ProfileImageCell.m */ = {isa = PBXFileReference; fileEncoding = 4; lastKnownFileType = sourcecode.c.objc; path = ProfileImageCell.m; sourceTree = "<group>"; };
		CBD7ACCD144191130019485E /* ProfileImageView.h */ = {isa = PBXFileReference; fileEncoding = 4; lastKnownFileType = sourcecode.c.h; path = ProfileImageView.h; sourceTree = "<group>"; };
		CBD7ACCE144191130019485E /* ProfileImageView.m */ = {isa = PBXFileReference; fileEncoding = 4; lastKnownFileType = sourcecode.c.objc; path = ProfileImageView.m; sourceTree = "<group>"; };
		CBD7ACD0144191130019485E /* DBConnection.h */ = {isa = PBXFileReference; fileEncoding = 4; lastKnownFileType = sourcecode.c.h; path = DBConnection.h; sourceTree = "<group>"; };
		CBD7ACD1144191130019485E /* DBConnection.m */ = {isa = PBXFileReference; fileEncoding = 4; lastKnownFileType = sourcecode.c.objc; path = DBConnection.m; sourceTree = "<group>"; };
		CBD7ACD2144191130019485E /* DirectMessage.h */ = {isa = PBXFileReference; fileEncoding = 4; lastKnownFileType = sourcecode.c.h; path = DirectMessage.h; sourceTree = "<group>"; };
		CBD7ACD3144191130019485E /* DirectMessage.m */ = {isa = PBXFileReference; fileEncoding = 4; lastKnownFileType = sourcecode.c.objc; path = DirectMessage.m; sourceTree = "<group>"; };
		CBD7ACD4144191130019485E /* Followee.h */ = {isa = PBXFileReference; fileEncoding = 4; lastKnownFileType = sourcecode.c.h; path = Followee.h; sourceTree = "<group>"; };
		CBD7ACD5144191130019485E /* Followee.m */ = {isa = PBXFileReference; fileEncoding = 4; lastKnownFileType = sourcecode.c.objc; path = Followee.m; sourceTree = "<group>"; };
		CBD7ACD6144191130019485E /* Statement.h */ = {isa = PBXFileReference; fileEncoding = 4; lastKnownFileType = sourcecode.c.h; path = Statement.h; sourceTree = "<group>"; };
		CBD7ACD7144191130019485E /* Statement.m */ = {isa = PBXFileReference; fileEncoding = 4; lastKnownFileType = sourcecode.c.objc; path = Statement.m; sourceTree = "<group>"; };
		CBD7ACD8144191130019485E /* Status.h */ = {isa = PBXFileReference; fileEncoding = 4; lastKnownFileType = sourcecode.c.h; path = Status.h; sourceTree = "<group>"; };
		CBD7ACD9144191130019485E /* Status.m */ = {isa = PBXFileReference; fileEncoding = 4; lastKnownFileType = sourcecode.c.objc; path = Status.m; sourceTree = "<group>"; };
		CBD7ACDA144191130019485E /* Tweet.h */ = {isa = PBXFileReference; fileEncoding = 4; lastKnownFileType = sourcecode.c.h; path = Tweet.h; sourceTree = "<group>"; };
		CBD7ACDB144191130019485E /* Tweet.m */ = {isa = PBXFileReference; fileEncoding = 4; lastKnownFileType = sourcecode.c.objc; path = Tweet.m; sourceTree = "<group>"; };
		CBD7ACDC144191130019485E /* User.h */ = {isa = PBXFileReference; fileEncoding = 4; lastKnownFileType = sourcecode.c.h; path = User.h; sourceTree = "<group>"; };
		CBD7ACDD144191130019485E /* User.m */ = {isa = PBXFileReference; fileEncoding = 4; lastKnownFileType = sourcecode.c.objc; path = User.m; sourceTree = "<group>"; };
		CBD7ACDE144191130019485E /* UserStore.h */ = {isa = PBXFileReference; fileEncoding = 4; lastKnownFileType = sourcecode.c.h; path = UserStore.h; sourceTree = "<group>"; };
		CBD7ACDF144191130019485E /* UserStore.m */ = {isa = PBXFileReference; fileEncoding = 4; lastKnownFileType = sourcecode.c.objc; path = UserStore.m; sourceTree = "<group>"; };
		CBD7ACE1144191130019485E /* ImageDownloader.h */ = {isa = PBXFileReference; fileEncoding = 4; lastKnownFileType = sourcecode.c.h; path = ImageDownloader.h; sourceTree = "<group>"; };
		CBD7ACE2144191130019485E /* ImageDownloader.m */ = {isa = PBXFileReference; fileEncoding = 4; lastKnownFileType = sourcecode.c.objc; path = ImageDownloader.m; sourceTree = "<group>"; };
		CBD7ACE3144191130019485E /* WBAuthorize.h */ = {isa = PBXFileReference; fileEncoding = 4; lastKnownFileType = sourcecode.c.h; path = WBAuthorize.h; sourceTree = "<group>"; };
		CBD7ACE4144191130019485E /* WBAuthorize.m */ = {isa = PBXFileReference; fileEncoding = 4; lastKnownFileType = sourcecode.c.objc; path = WBAuthorize.m; sourceTree = "<group>"; };
		CBD7ACE5144191130019485E /* WBConnect.h */ = {isa = PBXFileReference; fileEncoding = 4; lastKnownFileType = sourcecode.c.h; path = WBConnect.h; sourceTree = "<group>"; };
		CBD7ACE6144191130019485E /* WBConnection.h */ = {isa = PBXFileReference; fileEncoding = 4; lastKnownFileType = sourcecode.c.h; path = WBConnection.h; sourceTree = "<group>"; };
		CBD7ACE7144191130019485E /* WBConnection.m */ = {isa = PBXFileReference; fileEncoding = 4; lastKnownFileType = sourcecode.c.objc; path = WBConnection.m; sourceTree = "<group>"; };
		CBD7ACE8144191130019485E /* WBRequest.h */ = {isa = PBXFileReference; fileEncoding = 4; lastKnownFileType = sourcecode.c.h; path = WBRequest.h; sourceTree = "<group>"; };
		CBD7ACE9144191130019485E /* WBRequest.m */ = {isa = PBXFileReference; fileEncoding = 4; lastKnownFileType = sourcecode.c.objc; path = WBRequest.m; sourceTree = "<group>"; };
		CBD7ACEA144191130019485E /* WBUtil.h */ = {isa = PBXFileReference; fileEncoding = 4; lastKnownFileType = sourcecode.c.h; path = WBUtil.h; sourceTree = "<group>"; };
		CBD7ACEB144191130019485E /* WBUtil.m */ = {isa = PBXFileReference; fileEncoding = 4; lastKnownFileType = sourcecode.c.objc; path = WBUtil.m; sourceTree = "<group>"; };
		CBD7ACEC144191130019485E /* WeiBo.h */ = {isa = PBXFileReference; fileEncoding = 4; lastKnownFileType = sourcecode.c.h; path = WeiBo.h; sourceTree = "<group>"; };
		CBD7ACED144191130019485E /* WeiBo.m */ = {isa = PBXFileReference; fileEncoding = 4; lastKnownFileType = sourcecode.c.objc; path = WeiBo.m; sourceTree = "<group>"; };
		CBEB1BB8145020CA008811CC /* CommentsTimelineController.h */ = {isa = PBXFileReference; fileEncoding = 4; lastKnownFileType = sourcecode.c.h; path = CommentsTimelineController.h; sourceTree = "<group>"; };
		CBEB1BB9145020CB008811CC /* CommentsTimelineController.m */ = {isa = PBXFileReference; fileEncoding = 4; lastKnownFileType = sourcecode.c.objc; path = CommentsTimelineController.m; sourceTree = "<group>"; };
		CBEB1BBD145020FE008811CC /* CommentsTimelineDataSource.h */ = {isa = PBXFileReference; fileEncoding = 4; lastKnownFileType = sourcecode.c.h; path = CommentsTimelineDataSource.h; sourceTree = "<group>"; };
		CBEB1BBE145020FE008811CC /* CommentsTimelineDataSource.m */ = {isa = PBXFileReference; fileEncoding = 4; lastKnownFileType = sourcecode.c.objc; path = CommentsTimelineDataSource.m; sourceTree = "<group>"; };
		CBEB1BC01450217A008811CC /* CommentsViewController.h */ = {isa = PBXFileReference; fileEncoding = 4; lastKnownFileType = sourcecode.c.h; path = CommentsViewController.h; sourceTree = "<group>"; };
		CBEB1BC11450217A008811CC /* CommentsViewController.m */ = {isa = PBXFileReference; fileEncoding = 4; lastKnownFileType = sourcecode.c.objc; path = CommentsViewController.m; sourceTree = "<group>"; };
/* End PBXFileReference section */

/* Begin PBXFrameworksBuildPhase section */
		CBD7ABE514418C500019485E /* Frameworks */ = {
			isa = PBXFrameworksBuildPhase;
			buildActionMask = 2147483647;
			files = (
				CB859C621446C2D6002A50B4 /* QuartzCore.framework in Frameworks */,
				CBD7AC9314418D4C0019485E /* libsqlite3.0.dylib in Frameworks */,
				CBD7AC9114418D3D0019485E /* Security.framework in Frameworks */,
				CBD7ABED14418C500019485E /* UIKit.framework in Frameworks */,
				CBD7ABEF14418C500019485E /* Foundation.framework in Frameworks */,
				CBD7ABF114418C500019485E /* CoreGraphics.framework in Frameworks */,
			);
			runOnlyForDeploymentPostprocessing = 0;
		};
/* End PBXFrameworksBuildPhase section */

/* Begin PBXGroup section */
		CB0C65BA14513C0F00C5BA1D /* DB */ = {
			isa = PBXGroup;
			children = (
				CBD7ACD0144191130019485E /* DBConnection.h */,
				CBD7ACD1144191130019485E /* DBConnection.m */,
				CBD7ACD6144191130019485E /* Statement.h */,
				CBD7ACD7144191130019485E /* Statement.m */,
			);
			name = DB;
			sourceTree = "<group>";
		};
		CB339663144EC974005A0DEB /* UserTimeline */ = {
			isa = PBXGroup;
			children = (
				CBBD8404144D478400DE3990 /* UserTimelineCell.h */,
				CBBD8405144D478400DE3990 /* UserTimelineCell.m */,
			);
			name = UserTimeline;
			sourceTree = "<group>";
		};
		CB41022814569968007DD334 /* Post */ = {
			isa = PBXGroup;
			children = (
				CB41022514569912007DD334 /* PostViewController.h */,
				CB41022614569912007DD334 /* PostViewController.m */,
				CB41022914569A37007DD334 /* PostView.h */,
				CB41022A14569A37007DD334 /* PostView.m */,
			);
			name = Post;
			sourceTree = "<group>";
		};
		CB52568D144BFB4F00741F38 /* Tweets */ = {
			isa = PBXGroup;
			children = (
				CB339664144EC9C5005A0DEB /* TweetInfoViewController.h */,
				CB339665144EC9C5005A0DEB /* TweetInfoViewController.m */,
				CB525689144BFB4300741F38 /* TweetViewController.h */,
				CB52568A144BFB4300741F38 /* TweetViewController.m */,
				CB525692144C08EE00741F38 /* UserView.h */,
				CB525693144C08EE00741F38 /* UserView.m */,
			);
			name = Tweets;
			sourceTree = "<group>";
		};
		CB8273DF144298BE003D36E8 /* TabBar */ = {
			isa = PBXGroup;
			children = (
				CB8273AC144290C4003D36E8 /* icon_activity.png */,
				CB8273AD144290C4003D36E8 /* icon_activity@2x.png */,
				CB8273AE144290C4003D36E8 /* icon_home.png */,
				CB8273AF144290C4003D36E8 /* icon_home@2x.png */,
				CB8273B0144290C4003D36E8 /* icon_profile.png */,
				CB8273B1144290C4003D36E8 /* icon_profile@2x.png */,
				CB8273B2144290C4003D36E8 /* icon_topic.png */,
				CB8273B3144290C4003D36E8 /* icon_topic@2x.png */,
				CB8273CB144298B3003D36E8 /* TabBarGlow.png */,
				CB8273CC144298B3003D36E8 /* TabBarGlow@2x.png */,
				CB8273CD144298B3003D36E8 /* TabBarGradient.png */,
				CB8273CE144298B3003D36E8 /* TabBarGradient@2x.png */,
				CB8273CF144298B3003D36E8 /* TabBarItemSelectedBackground.png */,
				CB8273D0144298B3003D36E8 /* TabBarItemSelectedBackground@2x.png */,
				CB8273D1144298B3003D36E8 /* TabBarNipple.png */,
				CB8273D2144298B3003D36E8 /* TabBarNipple@2x.png */,
				CB8273D3144298B3003D36E8 /* TabBarSelection.png */,
				CB8273D4144298B3003D36E8 /* TabBarSelection@2x.png */,
			);
			name = TabBar;
			sourceTree = "<group>";
		};
		CB8273E014429B6F003D36E8 /* Application */ = {
			isa = PBXGroup;
			children = (
				CBD7ABFB14418C500019485E /* CarWeiboAppDelegate.h */,
				CBD7ABFC14418C500019485E /* CarWeiboAppDelegate.m */,
				CBD7AC8914418CD10019485E /* RootViewController.h */,
				CBD7AC8A14418CD10019485E /* RootViewController.m */,
				CB8273C81442975F003D36E8 /* CustomTabBar.h */,
				CB8273C91442975F003D36E8 /* CustomTabBar.m */,
				CB82741C1442DCA0003D36E8 /* CustomNavigation.h */,
				CB82741D1442DCA0003D36E8 /* CustomNavigation.m */,
			);
			name = Application;
			sourceTree = "<group>";
		};
		CB8273E11442BDF7003D36E8 /* Controllers */ = {
			isa = PBXGroup;
			children = (
				CB8273E014429B6F003D36E8 /* Application */,
				CB8273E91442BE4A003D36E8 /* Timeline */,
				CB8274081442CF10003D36E8 /* FriendsTimeline */,
				CB8274141442D8A6003D36E8 /* Home */,
				CBA8E5AD1442E2D6003085A4 /* Activity */,
				CBA8E5B11442E367003085A4 /* Login */,
				CB52568D144BFB4F00741F38 /* Tweets */,
				CB339663144EC974005A0DEB /* UserTimeline */,
				CBEB1BBC145020D7008811CC /* CommentsTimeline */,
				CB41022814569968007DD334 /* Post */,
			);
			name = Controllers;
			sourceTree = "<group>";
		};
		CB8273E91442BE4A003D36E8 /* Timeline */ = {
			isa = PBXGroup;
			children = (
				CB8273E61442BE47003D36E8 /* Timeline.h */,
				CB8273E71442BE47003D36E8 /* Timeline.m */,
				CB8273F61442C506003D36E8 /* TimelineDataSource.h */,
				CB8273F71442C506003D36E8 /* TimelineDataSource.m */,
				CB8273ED1442BF64003D36E8 /* TweetCellView.h */,
				CB8273EE1442BF64003D36E8 /* TweetCellView.m */,
				CB8273EA1442BED7003D36E8 /* TweetCellBase.h */,
				CB8273EB1442BED7003D36E8 /* TweetCellBase.m */,
				CB8273F01442C393003D36E8 /* TimelineCell.h */,
				CB8273F11442C393003D36E8 /* TimelineCell.m */,
				CB8273F31442C47D003D36E8 /* LoadCell.h */,
				CB8273F41442C47D003D36E8 /* LoadCell.m */,
			);
			name = Timeline;
			sourceTree = "<group>";
		};
		CB8274081442CF10003D36E8 /* FriendsTimeline */ = {
			isa = PBXGroup;
			children = (
				CB82740A1442D0A8003D36E8 /* FriendsTimelineController.h */,
				CB82740B1442D0A8003D36E8 /* FriendsTimelineController.m */,
				CB8273F91442C9DB003D36E8 /* FriendsTimelineDataSource.h */,
				CB8273FA1442C9DC003D36E8 /* FriendsTimelineDataSource.m */,
			);
			name = FriendsTimeline;
			sourceTree = "<group>";
		};
		CB8274141442D8A6003D36E8 /* Home */ = {
			isa = PBXGroup;
			children = (
				CB8274191442DA9A003D36E8 /* HomeViewController.h */,
				CB82741A1442DA9A003D36E8 /* HomeViewController.m */,
			);
			name = Home;
			sourceTree = "<group>";
		};
		CBA8E5AD1442E2D6003085A4 /* Activity */ = {
			isa = PBXGroup;
			children = (
				CBA8E5AA1442E2CD003085A4 /* ActivityViewController.h */,
				CBA8E5AB1442E2CD003085A4 /* ActivityViewController.m */,
				CBA8E5B21442E4E4003085A4 /* ActivityQuickViewModule.h */,
				CBA8E5B31442E4E4003085A4 /* ActivityQuickViewModule.m */,
			);
			name = Activity;
			sourceTree = "<group>";
		};
		CBA8E5B11442E367003085A4 /* Login */ = {
			isa = PBXGroup;
			children = (
				CBA8E5AE1442E364003085A4 /* LoginViewController.h */,
				CBA8E5AF1442E364003085A4 /* LoginViewController.m */,
			);
			name = Login;
			sourceTree = "<group>";
		};
		CBD7ABDD14418C4F0019485E = {
			isa = PBXGroup;
			children = (
				CB8273A914428B45003D36E8 /* iTunesArtwork */,
				CBD7AC0C14418C730019485E /* Icon@2x.png */,
				CBD7AC0A14418C710019485E /* Icon.png */,
				CBD7AC0814418C6F0019485E /* Default.png */,
				CBD7AC0614418C6D0019485E /* Default@2x.png */,
				CBD7ACC5144191130019485E /* weiboEngine */,
				CBD7AC94144191060019485E /* Thirdpart */,
				CBD7ABF214418C500019485E /* CarWeibo */,
				CBD7ABEB14418C500019485E /* Frameworks */,
				CBD7ABE914418C500019485E /* Products */,
			);
			sourceTree = "<group>";
		};
		CBD7ABE914418C500019485E /* Products */ = {
			isa = PBXGroup;
			children = (
				CBD7ABE814418C500019485E /* CarWeibo.app */,
			);
			name = Products;
			sourceTree = "<group>";
		};
		CBD7ABEB14418C500019485E /* Frameworks */ = {
			isa = PBXGroup;
			children = (
				CBD7AC9214418D4B0019485E /* libsqlite3.0.dylib */,
				CB859C611446C2D6002A50B4 /* QuartzCore.framework */,
				CBD7AC9014418D3D0019485E /* Security.framework */,
				CBD7ABEC14418C500019485E /* UIKit.framework */,
				CBD7ABEE14418C500019485E /* Foundation.framework */,
				CBD7ABF014418C500019485E /* CoreGraphics.framework */,
			);
			name = Frameworks;
			sourceTree = "<group>";
		};
		CBD7ABF214418C500019485E /* CarWeibo */ = {
			isa = PBXGroup;
			children = (
				CBD7AC0E14418C810019485E /* images */,
				CBD7ABF314418C500019485E /* Supporting Files */,
				CB8273E11442BDF7003D36E8 /* Controllers */,
			);
			path = CarWeibo;
			sourceTree = "<group>";
		};
		CBD7ABF314418C500019485E /* Supporting Files */ = {
			isa = PBXGroup;
			children = (
				CBD7AC1B14418C8D0019485E /* db1.3.sql */,
				CBD7ABF414418C500019485E /* CarWeibo-Info.plist */,
				CBD7ABF514418C500019485E /* InfoPlist.strings */,
				CBD7ABF814418C500019485E /* main.m */,
				CBD7ABFA14418C500019485E /* CarWeibo-Prefix.pch */,
				CBD7ABFE14418C500019485E /* MainWindow.xib */,
			);
			name = "Supporting Files";
			sourceTree = "<group>";
		};
		CBD7AC0E14418C810019485E /* images */ = {
			isa = PBXGroup;
			children = (
				CB410214145698A3007DD334 /* btn_select_a@2x.png */,
				CB410215145698A3007DD334 /* btn_select_a.png */,
				CB410216145698A3007DD334 /* btn_select_b.png */,
				CB410217145698A3007DD334 /* btn_select_b@2x.png */,
				CB410218145698A3007DD334 /* bg_commentBar.png */,
				CB410219145698A3007DD334 /* bg_commentBar@2x.png */,
				CB339681144F17A5005A0DEB /* bg_input.png */,
				CB339682144F17A6005A0DEB /* bg_input@2x.png */,
				CB339683144F17A7005A0DEB /* icon_big.png */,
				CB339684144F17A8005A0DEB /* icon_big@2x.png */,
				CB339679144EFB0F005A0DEB /* bg_cellEnd1.png */,
				CB33967A144EFB0F005A0DEB /* bg_cellEnd1@2x.png */,
				CB339675144EF5EB005A0DEB /* btn_icon_actionsheet_wt.png */,
				CB339676144EF5EB005A0DEB /* btn_icon_actionsheet_wt@2x.png */,
				CB339671144EF5D7005A0DEB /* btn_icon_comment_wt.png */,
				CB339672144EF5D7005A0DEB /* btn_icon_comment_wt@2x.png */,
				CB33967D144F00E7005A0DEB /* btn_bg_blue.png */,
				CB33967E144F00E7005A0DEB /* btn_bg_blue@2x.png */,
				CB339669144EF1D3005A0DEB /* btn_bg_grey.png */,
				CB33966A144EF1D3005A0DEB /* btn_bg_grey@2x.png */,
				CB339667144ED4C2005A0DEB /* toolbar_bg_lt.png */,
				CB33965C144EC862005A0DEB /* toolbar_bg_lt@2x.png */,
				CBBD222D144D7BEF00342483 /* bg_bmiddleImage.png */,
				CBBD222E144D7BEF00342483 /* bg_bmiddleImage@2x.png */,
				CB41022C1456AA06007DD334 /* nav_btn.png */,
				CB41022D1456AA06007DD334 /* nav_btn@2x.png */,
				CBBD83FC144D362700DE3990 /* nav_btn_back.png */,
				CBBD83FD144D362700DE3990 /* nav_btn_back@2x.png */,
				CBBD83F7144D302300DE3990 /* back_button_alpha.png */,
				CBBD83F8144D302300DE3990 /* back_button_alpha@2x.png */,
				CB525695144C0AE500741F38 /* usercell_background.png */,
				CB525696144C0AE500741F38 /* usercell_background@2x.png */,
				CB60DF3914482AEC00B82ED6 /* timeline_rt_border.png */,
				CB60DF3A14482AEC00B82ED6 /* timeline_rt_border@2x.png */,
				CB60DF2E1448050600B82ED6 /* bg_cellEnd.png */,
				CB60DF2F1448050600B82ED6 /* bg_cellEnd@2x.png */,
				CB859C5D1446C11C002A50B4 /* pulltorefresh_arrow.png */,
				CB859C5E1446C11C002A50B4 /* pulltorefresh_arrow@2x.png */,
				CB859C4D1446BBCF002A50B4 /* bg_thumbleImage.png */,
				CB859C4E1446BBCF002A50B4 /* bg_thumbleImage@2x.png */,
				CBBD2232144D865000342483 /* bmiddleImage.png */,
				CBBD2233144D865000342483 /* bmiddleImage@2x.png */,
				CB859C4F1446BBCF002A50B4 /* thumbleImage.png */,
				CB859C501446BBCF002A50B4 /* thumbleImage@2x.png */,
				CB88AB5D14458C88000428BF /* profileImage.png */,
				CB88AB5E14458C88000428BF /* profileImage@2x.png */,
				CB88AB551445351B000428BF /* bg_face1.png */,
				CB88AB561445351B000428BF /* bg_face1@2x.png */,
				CB88AB51144529F1000428BF /* bg_cell1.png */,
				CB88AB52144529F1000428BF /* bg_cell1@2x.png */,
				CBA8E5A51442E061003085A4 /* bg_Navigation_a.png */,
				CBA8E5A61442E061003085A4 /* bg_Navigation_a@2x.png */,
				CB52568E144C004C00741F38 /* bg_Navigation_b.png */,
				CB52568F144C004C00741F38 /* bg_Navigation_b@2x.png */,
				CBD7AC0F14418C810019485E /* bg_header.png */,
				CBD7AC1014418C810019485E /* bg_header@2x.png */,
				CBD7AC1114418C810019485E /* bg_leathertexture.png */,
				CBD7AC1214418C810019485E /* bg_leathertexture@2x.png */,
				CBBD8400144D43D500DE3990 /* bg_papertexture.png */,
				CBBD8401144D43D500DE3990 /* bg_papertexture@2x.png */,
				CBD7AC1314418C810019485E /* temp1.png */,
				CBD7AC1414418C810019485E /* temp1@2x.png */,
				CBA8E5B51442E53A003085A4 /* temp2.png */,
				CBA8E5B61442E53A003085A4 /* temp2@2x.png */,
				CB8273DF144298BE003D36E8 /* TabBar */,
			);
			path = images;
			sourceTree = "<group>";
		};
		CBD7AC94144191060019485E /* Thirdpart */ = {
			isa = PBXGroup;
			children = (
				CBD7AC95144191060019485E /* Base64 */,
				CBD7AC99144191070019485E /* ColorUtils.h */,
				CBD7AC9A144191070019485E /* ColorUtils.m */,
				CBD7AC9B144191070019485E /* DebugUtils.h */,
				CBD7AC9C144191070019485E /* ImageUtils.h */,
				CBD7AC9D144191070019485E /* ImageUtils.m */,
				CBD7AC9E144191070019485E /* JSON */,
				CBD7ACAC144191070019485E /* QuartzUtils.c */,
				CBD7ACAD144191070019485E /* QuartzUtils.h */,
				CBD7ACAE144191070019485E /* REString.h */,
				CBD7ACAF144191070019485E /* REString.m */,
				CBD7ACB0144191070019485E /* Security */,
				CBD7ACB3144191070019485E /* StringUtil.h */,
				CBD7ACB4144191070019485E /* StringUtil.m */,
				CBD7ACB5144191070019485E /* TimeUtils.h */,
				CBD7ACB6144191070019485E /* TimeUtils.m */,
				CB88AB65144594BB000428BF /* NSDictionaryAdditions.h */,
				CB88AB66144594BB000428BF /* NSDictionaryAdditions.m */,
				CB859C5A1446C0C9002A50B4 /* WZRefreshTableHeaderView.h */,
				CB859C5B1446C0C9002A50B4 /* WZRefreshTableHeaderView.m */,
				CB60DF361448062000B82ED6 /* WZLoadMoreTableFooterView.h */,
				CB60DF371448062000B82ED6 /* WZLoadMoreTableFooterView.m */,
			);
			name = Thirdpart;
			path = ../Thirdpart;
			sourceTree = "<group>";
		};
		CBD7AC95144191060019485E /* Base64 */ = {
			isa = PBXGroup;
			children = (
				CBD7AC96144191070019485E /* GTMBase64.h */,
				CBD7AC97144191070019485E /* GTMBase64.m */,
				CBD7AC98144191070019485E /* GTMDefines.h */,
			);
			path = Base64;
			sourceTree = "<group>";
		};
		CBD7AC9E144191070019485E /* JSON */ = {
			isa = PBXGroup;
			children = (
				CBD7AC9F144191070019485E /* JSON.h */,
				CBD7ACA0144191070019485E /* NSObject+SBJSON.h */,
				CBD7ACA1144191070019485E /* NSObject+SBJSON.m */,
				CBD7ACA2144191070019485E /* NSString+SBJSON.h */,
				CBD7ACA3144191070019485E /* NSString+SBJSON.m */,
				CBD7ACA4144191070019485E /* SBJSON.h */,
				CBD7ACA5144191070019485E /* SBJSON.m */,
				CBD7ACA6144191070019485E /* SBJsonBase.h */,
				CBD7ACA7144191070019485E /* SBJsonBase.m */,
				CBD7ACA8144191070019485E /* SBJsonParser.h */,
				CBD7ACA9144191070019485E /* SBJsonParser.m */,
				CBD7ACAA144191070019485E /* SBJsonWriter.h */,
				CBD7ACAB144191070019485E /* SBJsonWriter.m */,
			);
			path = JSON;
			sourceTree = "<group>";
		};
		CBD7ACB0144191070019485E /* Security */ = {
			isa = PBXGroup;
			children = (
				CBD7ACB1144191070019485E /* SFHFKeychainUtils.h */,
				CBD7ACB2144191070019485E /* SFHFKeychainUtils.m */,
			);
			path = Security;
			sourceTree = "<group>";
		};
		CBD7ACC5144191130019485E /* weiboEngine */ = {
			isa = PBXGroup;
			children = (
				CBD7ACC6144191130019485E /* ImageStore */,
				CBD7ACCF144191130019485E /* Models */,
				CBD7ACE0144191130019485E /* Network */,
			);
			name = weiboEngine;
			path = ../weiboEngine/weiboEngine/weiboEngine;
			sourceTree = "<group>";
		};
		CBD7ACC6144191130019485E /* ImageStore */ = {
			isa = PBXGroup;
			children = (
				CBD7ACC7144191130019485E /* ImageStore.h */,
				CBD7ACC8144191130019485E /* ImageStore.m */,
				CBD7ACC9144191130019485E /* ImageStoreReceiver.h */,
				CBD7ACCA144191130019485E /* ImageStoreReceiver.m */,
				CBD7ACCB144191130019485E /* ProfileImageCell.h */,
				CBD7ACCC144191130019485E /* ProfileImageCell.m */,
				CBD7ACCD144191130019485E /* ProfileImageView.h */,
				CBD7ACCE144191130019485E /* ProfileImageView.m */,
				CB88AB681445B4E6000428BF /* ThumbleImageView.h */,
				CB88AB691445B4E6000428BF /* ThumbleImageView.m */,
				CB88AB6B1445C23C000428BF /* ImageStoreWaiter.h */,
				CB88AB6C1445C23C000428BF /* ImageStoreWaiter.m */,
			);
			path = ImageStore;
			sourceTree = "<group>";
		};
		CBD7ACCF144191130019485E /* Models */ = {
			isa = PBXGroup;
			children = (
				CB0C65BA14513C0F00C5BA1D /* DB */,
				CBD7ACD2144191130019485E /* DirectMessage.h */,
				CBD7ACD3144191130019485E /* DirectMessage.m */,
				CBD7ACD4144191130019485E /* Followee.h */,
				CBD7ACD5144191130019485E /* Followee.m */,
				CBD7ACD8144191130019485E /* Status.h */,
				CBD7ACD9144191130019485E /* Status.m */,
				CBD7ACDA144191130019485E /* Tweet.h */,
				CBD7ACDB144191130019485E /* Tweet.m */,
				CB0C65BB14513C5400C5BA1D /* Comment.h */,
				CB0C65BC14513C5400C5BA1D /* Comment.m */,
				CBD7ACDC144191130019485E /* User.h */,
				CBD7ACDD144191130019485E /* User.m */,
				CBD7ACDE144191130019485E /* UserStore.h */,
				CBD7ACDF144191130019485E /* UserStore.m */,
			);
			path = Models;
			sourceTree = "<group>";
		};
		CBD7ACE0144191130019485E /* Network */ = {
			isa = PBXGroup;
			children = (
				CBD7ACE1144191130019485E /* ImageDownloader.h */,
				CBD7ACE2144191130019485E /* ImageDownloader.m */,
				CBD7ACE3144191130019485E /* WBAuthorize.h */,
				CBD7ACE4144191130019485E /* WBAuthorize.m */,
				CBD7ACE5144191130019485E /* WBConnect.h */,
				CBD7ACE6144191130019485E /* WBConnection.h */,
				CBD7ACE7144191130019485E /* WBConnection.m */,
				CBD7ACE8144191130019485E /* WBRequest.h */,
				CBD7ACE9144191130019485E /* WBRequest.m */,
				CBD7ACEA144191130019485E /* WBUtil.h */,
				CBD7ACEB144191130019485E /* WBUtil.m */,
				CBD7ACEC144191130019485E /* WeiBo.h */,
				CBD7ACED144191130019485E /* WeiBo.m */,
			);
			path = Network;
			sourceTree = "<group>";
		};
		CBEB1BBC145020D7008811CC /* CommentsTimeline */ = {
			isa = PBXGroup;
			children = (
				CBEB1BC01450217A008811CC /* CommentsViewController.h */,
				CBEB1BC11450217A008811CC /* CommentsViewController.m */,
				CBEB1BB8145020CA008811CC /* CommentsTimelineController.h */,
				CBEB1BB9145020CB008811CC /* CommentsTimelineController.m */,
				CBEB1BBD145020FE008811CC /* CommentsTimelineDataSource.h */,
				CBEB1BBE145020FE008811CC /* CommentsTimelineDataSource.m */,
				CB8B84811455411A0033B7BA /* CommentCell.h */,
				CB8B84821455411A0033B7BA /* CommentCell.m */,
			);
			name = CommentsTimeline;
			sourceTree = "<group>";
		};
/* End PBXGroup section */

/* Begin PBXNativeTarget section */
		CBD7ABE714418C500019485E /* CarWeibo */ = {
			isa = PBXNativeTarget;
			buildConfigurationList = CBD7AC0314418C500019485E /* Build configuration list for PBXNativeTarget "CarWeibo" */;
			buildPhases = (
				CBD7ABE414418C500019485E /* Sources */,
				CBD7ABE514418C500019485E /* Frameworks */,
				CBD7ABE614418C500019485E /* Resources */,
			);
			buildRules = (
			);
			dependencies = (
			);
			name = CarWeibo;
			productName = CarWeibo;
			productReference = CBD7ABE814418C500019485E /* CarWeibo.app */;
			productType = "com.apple.product-type.application";
		};
/* End PBXNativeTarget section */

/* Begin PBXProject section */
		CBD7ABDF14418C4F0019485E /* Project object */ = {
			isa = PBXProject;
			attributes = {
				LastUpgradeCheck = 0420;
				ORGANIZATIONNAME = nasa.wang;
			};
			buildConfigurationList = CBD7ABE214418C4F0019485E /* Build configuration list for PBXProject "CarWeibo" */;
			compatibilityVersion = "Xcode 3.2";
			developmentRegion = English;
			hasScannedForEncodings = 0;
			knownRegions = (
				en,
			);
			mainGroup = CBD7ABDD14418C4F0019485E;
			productRefGroup = CBD7ABE914418C500019485E /* Products */;
			projectDirPath = "";
			projectRoot = "";
			targets = (
				CBD7ABE714418C500019485E /* CarWeibo */,
			);
		};
/* End PBXProject section */

/* Begin PBXResourcesBuildPhase section */
		CBD7ABE614418C500019485E /* Resources */ = {
			isa = PBXResourcesBuildPhase;
			buildActionMask = 2147483647;
			files = (
				CBD7ABF714418C500019485E /* InfoPlist.strings in Resources */,
				CBD7AC0014418C500019485E /* MainWindow.xib in Resources */,
				CBD7AC0714418C6D0019485E /* Default@2x.png in Resources */,
				CBD7AC0914418C6F0019485E /* Default.png in Resources */,
				CBD7AC0B14418C710019485E /* Icon.png in Resources */,
				CBD7AC0D14418C730019485E /* Icon@2x.png in Resources */,
				CBD7AC1514418C810019485E /* bg_header.png in Resources */,
				CBD7AC1614418C810019485E /* bg_header@2x.png in Resources */,
				CBD7AC1714418C810019485E /* bg_leathertexture.png in Resources */,
				CBD7AC1814418C810019485E /* bg_leathertexture@2x.png in Resources */,
				CBD7AC1914418C810019485E /* temp1.png in Resources */,
				CBD7AC1A14418C810019485E /* temp1@2x.png in Resources */,
				CBD7AC1C14418C8D0019485E /* db1.3.sql in Resources */,
				CB8273AA14428B45003D36E8 /* iTunesArtwork in Resources */,
				CB8273B4144290C4003D36E8 /* icon_activity.png in Resources */,
				CB8273B5144290C4003D36E8 /* icon_activity@2x.png in Resources */,
				CB8273B6144290C4003D36E8 /* icon_home.png in Resources */,
				CB8273B7144290C4003D36E8 /* icon_home@2x.png in Resources */,
				CB8273B8144290C4003D36E8 /* icon_profile.png in Resources */,
				CB8273B9144290C4003D36E8 /* icon_profile@2x.png in Resources */,
				CB8273BA144290C4003D36E8 /* icon_topic.png in Resources */,
				CB8273BB144290C4003D36E8 /* icon_topic@2x.png in Resources */,
				CB8273D5144298B3003D36E8 /* TabBarGlow.png in Resources */,
				CB8273D6144298B3003D36E8 /* TabBarGlow@2x.png in Resources */,
				CB8273D7144298B3003D36E8 /* TabBarGradient.png in Resources */,
				CB8273D8144298B3003D36E8 /* TabBarGradient@2x.png in Resources */,
				CB8273D9144298B3003D36E8 /* TabBarItemSelectedBackground.png in Resources */,
				CB8273DA144298B3003D36E8 /* TabBarItemSelectedBackground@2x.png in Resources */,
				CB8273DB144298B3003D36E8 /* TabBarNipple.png in Resources */,
				CB8273DC144298B3003D36E8 /* TabBarNipple@2x.png in Resources */,
				CB8273DD144298B3003D36E8 /* TabBarSelection.png in Resources */,
				CB8273DE144298B3003D36E8 /* TabBarSelection@2x.png in Resources */,
				CBA8E5A71442E061003085A4 /* bg_Navigation_a.png in Resources */,
				CBA8E5A81442E061003085A4 /* bg_Navigation_a@2x.png in Resources */,
				CBA8E5B71442E53A003085A4 /* temp2.png in Resources */,
				CBA8E5B81442E53A003085A4 /* temp2@2x.png in Resources */,
				CB88AB53144529F1000428BF /* bg_cell1.png in Resources */,
				CB88AB54144529F1000428BF /* bg_cell1@2x.png in Resources */,
				CB88AB571445351B000428BF /* bg_face1.png in Resources */,
				CB88AB581445351B000428BF /* bg_face1@2x.png in Resources */,
				CB88AB5F14458C88000428BF /* profileImage.png in Resources */,
				CB88AB6014458C88000428BF /* profileImage@2x.png in Resources */,
				CB859C511446BBCF002A50B4 /* bg_thumbleImage.png in Resources */,
				CB859C521446BBCF002A50B4 /* bg_thumbleImage@2x.png in Resources */,
				CB859C531446BBCF002A50B4 /* thumbleImage.png in Resources */,
				CB859C541446BBCF002A50B4 /* thumbleImage@2x.png in Resources */,
				CB859C5F1446C11C002A50B4 /* pulltorefresh_arrow.png in Resources */,
				CB859C601446C11C002A50B4 /* pulltorefresh_arrow@2x.png in Resources */,
				CB60DF301448050600B82ED6 /* bg_cellEnd.png in Resources */,
				CB60DF311448050600B82ED6 /* bg_cellEnd@2x.png in Resources */,
				CB60DF3B14482AEC00B82ED6 /* timeline_rt_border.png in Resources */,
				CB60DF3C14482AEC00B82ED6 /* timeline_rt_border@2x.png in Resources */,
				CB525690144C004C00741F38 /* bg_Navigation_b.png in Resources */,
				CB525691144C004C00741F38 /* bg_Navigation_b@2x.png in Resources */,
				CB525697144C0AE500741F38 /* usercell_background.png in Resources */,
				CB525698144C0AE500741F38 /* usercell_background@2x.png in Resources */,
				CBBD83F9144D302300DE3990 /* back_button_alpha.png in Resources */,
				CBBD83FA144D302300DE3990 /* back_button_alpha@2x.png in Resources */,
				CBBD83FE144D362700DE3990 /* nav_btn_back.png in Resources */,
				CBBD83FF144D362700DE3990 /* nav_btn_back@2x.png in Resources */,
				CBBD8402144D43D500DE3990 /* bg_papertexture.png in Resources */,
				CBBD8403144D43D500DE3990 /* bg_papertexture@2x.png in Resources */,
				CBBD222F144D7BEF00342483 /* bg_bmiddleImage.png in Resources */,
				CBBD2230144D7BEF00342483 /* bg_bmiddleImage@2x.png in Resources */,
				CBBD2234144D865000342483 /* bmiddleImage.png in Resources */,
				CBBD2235144D865000342483 /* bmiddleImage@2x.png in Resources */,
				CB33965D144EC862005A0DEB /* toolbar_bg_lt@2x.png in Resources */,
				CB339668144ED4C2005A0DEB /* toolbar_bg_lt.png in Resources */,
				CB33966B144EF1D3005A0DEB /* btn_bg_grey.png in Resources */,
				CB33966C144EF1D3005A0DEB /* btn_bg_grey@2x.png in Resources */,
				CB339673144EF5D7005A0DEB /* btn_icon_comment_wt.png in Resources */,
				CB339674144EF5D7005A0DEB /* btn_icon_comment_wt@2x.png in Resources */,
				CB339677144EF5EB005A0DEB /* btn_icon_actionsheet_wt.png in Resources */,
				CB339678144EF5EB005A0DEB /* btn_icon_actionsheet_wt@2x.png in Resources */,
				CB33967B144EFB10005A0DEB /* bg_cellEnd1.png in Resources */,
				CB33967C144EFB10005A0DEB /* bg_cellEnd1@2x.png in Resources */,
				CB33967F144F00E8005A0DEB /* btn_bg_blue.png in Resources */,
				CB339680144F00E8005A0DEB /* btn_bg_blue@2x.png in Resources */,
				CB339685144F17A9005A0DEB /* bg_input.png in Resources */,
				CB339686144F17A9005A0DEB /* bg_input@2x.png in Resources */,
				CB339687144F17A9005A0DEB /* icon_big.png in Resources */,
				CB339688144F17A9005A0DEB /* icon_big@2x.png in Resources */,
				CB41021A145698A3007DD334 /* btn_select_a@2x.png in Resources */,
				CB41021B145698A3007DD334 /* btn_select_a.png in Resources */,
				CB41021C145698A3007DD334 /* btn_select_b.png in Resources */,
				CB41021D145698A3007DD334 /* btn_select_b@2x.png in Resources */,
				CB41021E145698A3007DD334 /* bg_commentBar.png in Resources */,
				CB41021F145698A3007DD334 /* bg_commentBar@2x.png in Resources */,
				CB41022E1456AA06007DD334 /* nav_btn.png in Resources */,
				CB41022F1456AA06007DD334 /* nav_btn@2x.png in Resources */,
			);
			runOnlyForDeploymentPostprocessing = 0;
		};
/* End PBXResourcesBuildPhase section */

/* Begin PBXSourcesBuildPhase section */
		CBD7ABE414418C500019485E /* Sources */ = {
			isa = PBXSourcesBuildPhase;
			buildActionMask = 2147483647;
			files = (
				CBD7ABF914418C500019485E /* main.m in Sources */,
				CBD7ABFD14418C500019485E /* CarWeiboAppDelegate.m in Sources */,
				CBD7AC8B14418CD10019485E /* RootViewController.m in Sources */,
				CBD7ACB7144191070019485E /* GTMBase64.m in Sources */,
				CBD7ACB8144191070019485E /* ColorUtils.m in Sources */,
				CBD7ACB9144191070019485E /* ImageUtils.m in Sources */,
				CBD7ACBA144191070019485E /* NSObject+SBJSON.m in Sources */,
				CBD7ACBB144191070019485E /* NSString+SBJSON.m in Sources */,
				CBD7ACBC144191070019485E /* SBJSON.m in Sources */,
				CBD7ACBD144191070019485E /* SBJsonBase.m in Sources */,
				CBD7ACBE144191070019485E /* SBJsonParser.m in Sources */,
				CBD7ACBF144191070019485E /* SBJsonWriter.m in Sources */,
				CBD7ACC0144191070019485E /* QuartzUtils.c in Sources */,
				CBD7ACC1144191070019485E /* REString.m in Sources */,
				CBD7ACC2144191070019485E /* SFHFKeychainUtils.m in Sources */,
				CBD7ACC3144191070019485E /* StringUtil.m in Sources */,
				CBD7ACC4144191070019485E /* TimeUtils.m in Sources */,
				CBD7ACEE144191130019485E /* ImageStore.m in Sources */,
				CBD7ACEF144191130019485E /* ImageStoreReceiver.m in Sources */,
				CBD7ACF0144191130019485E /* ProfileImageCell.m in Sources */,
				CBD7ACF1144191130019485E /* ProfileImageView.m in Sources */,
				CBD7ACF2144191130019485E /* DBConnection.m in Sources */,
				CBD7ACF3144191130019485E /* DirectMessage.m in Sources */,
				CBD7ACF4144191130019485E /* Followee.m in Sources */,
				CBD7ACF5144191130019485E /* Statement.m in Sources */,
				CBD7ACF6144191130019485E /* Status.m in Sources */,
				CBD7ACF7144191130019485E /* Tweet.m in Sources */,
				CBD7ACF8144191130019485E /* User.m in Sources */,
				CBD7ACF9144191130019485E /* UserStore.m in Sources */,
				CBD7ACFA144191130019485E /* ImageDownloader.m in Sources */,
				CBD7ACFB144191130019485E /* WBAuthorize.m in Sources */,
				CBD7ACFC144191130019485E /* WBConnection.m in Sources */,
				CBD7ACFD144191130019485E /* WBRequest.m in Sources */,
				CBD7ACFE144191130019485E /* WBUtil.m in Sources */,
				CBD7ACFF144191130019485E /* WeiBo.m in Sources */,
				CB8273CA1442975F003D36E8 /* CustomTabBar.m in Sources */,
				CB8273E81442BE47003D36E8 /* Timeline.m in Sources */,
				CB8273EC1442BED7003D36E8 /* TweetCellBase.m in Sources */,
				CB8273EF1442BF65003D36E8 /* TweetCellView.m in Sources */,
				CB8273F21442C394003D36E8 /* TimelineCell.m in Sources */,
				CB8273F51442C47D003D36E8 /* LoadCell.m in Sources */,
				CB8273F81442C506003D36E8 /* TimelineDataSource.m in Sources */,
				CB8273FB1442C9DD003D36E8 /* FriendsTimelineDataSource.m in Sources */,
				CB82740C1442D0A8003D36E8 /* FriendsTimelineController.m in Sources */,
				CB82741B1442DA9A003D36E8 /* HomeViewController.m in Sources */,
				CB82741E1442DCA0003D36E8 /* CustomNavigation.m in Sources */,
				CBA8E5AC1442E2CD003085A4 /* ActivityViewController.m in Sources */,
				CBA8E5B01442E364003085A4 /* LoginViewController.m in Sources */,
				CBA8E5B41442E4E4003085A4 /* ActivityQuickViewModule.m in Sources */,
				CB88AB67144594BB000428BF /* NSDictionaryAdditions.m in Sources */,
				CB88AB6A1445B4E7000428BF /* ThumbleImageView.m in Sources */,
				CB88AB6D1445C23D000428BF /* ImageStoreWaiter.m in Sources */,
				CB859C5C1446C0C9002A50B4 /* WZRefreshTableHeaderView.m in Sources */,
				CB60DF381448062000B82ED6 /* WZLoadMoreTableFooterView.m in Sources */,
				CB52568B144BFB4300741F38 /* TweetViewController.m in Sources */,
				CB525694144C08EE00741F38 /* UserView.m in Sources */,
				CBBD8406144D478400DE3990 /* UserTimelineCell.m in Sources */,
				CB339666144EC9C5005A0DEB /* TweetInfoViewController.m in Sources */,
				CBEB1BBA145020CB008811CC /* CommentsTimelineController.m in Sources */,
				CBEB1BBF145020FE008811CC /* CommentsTimelineDataSource.m in Sources */,
				CBEB1BC21450217A008811CC /* CommentsViewController.m in Sources */,
				CB0C65BD14513C5400C5BA1D /* Comment.m in Sources */,
				CB8B84831455411A0033B7BA /* CommentCell.m in Sources */,
				CB41022714569912007DD334 /* PostViewController.m in Sources */,
				CB41022B14569A37007DD334 /* PostView.m in Sources */,
			);
			runOnlyForDeploymentPostprocessing = 0;
		};
/* End PBXSourcesBuildPhase section */

/* Begin PBXVariantGroup section */
		CBD7ABF514418C500019485E /* InfoPlist.strings */ = {
			isa = PBXVariantGroup;
			children = (
				CBD7ABF614418C500019485E /* en */,
			);
			name = InfoPlist.strings;
			sourceTree = "<group>";
		};
		CBD7ABFE14418C500019485E /* MainWindow.xib */ = {
			isa = PBXVariantGroup;
			children = (
				CBD7ABFF14418C500019485E /* en */,
			);
			name = MainWindow.xib;
			sourceTree = "<group>";
		};
/* End PBXVariantGroup section */

/* Begin XCBuildConfiguration section */
		CBD7AC0114418C500019485E /* Debug */ = {
			isa = XCBuildConfiguration;
			buildSettings = {
				ALWAYS_SEARCH_USER_PATHS = NO;
				ARCHS = "$(ARCHS_STANDARD_32_BIT)";
				"CODE_SIGN_IDENTITY[sdk=iphoneos*]" = "iPhone Developer: Liqing Sun (VV34D2P9TL)";
				COPY_PHASE_STRIP = NO;
				GCC_C_LANGUAGE_STANDARD = gnu99;
				GCC_DYNAMIC_NO_PIC = NO;
				GCC_OPTIMIZATION_LEVEL = 0;
				GCC_PREPROCESSOR_DEFINITIONS = (
					"DEBUG=1",
					"$(inherited)",
				);
				GCC_SYMBOLS_PRIVATE_EXTERN = NO;
				GCC_VERSION = com.apple.compilers.llvmgcc42;
				GCC_WARN_ABOUT_MISSING_PROTOTYPES = YES;
				GCC_WARN_ABOUT_RETURN_TYPE = YES;
				GCC_WARN_UNUSED_VARIABLE = YES;
				IPHONEOS_DEPLOYMENT_TARGET = 4.3;
				"PROVISIONING_PROFILE[sdk=iphoneos*]" = "CFB54025-6E9E-4688-B04D-0A29F2149E7C";
				SDKROOT = iphoneos;
			};
			name = Debug;
		};
		CBD7AC0214418C500019485E /* Release */ = {
			isa = XCBuildConfiguration;
			buildSettings = {
				ALWAYS_SEARCH_USER_PATHS = NO;
				ARCHS = "$(ARCHS_STANDARD_32_BIT)";
				"CODE_SIGN_IDENTITY[sdk=iphoneos*]" = "iPhone Distribution: Fractalist China Inc";
				COPY_PHASE_STRIP = YES;
				GCC_C_LANGUAGE_STANDARD = gnu99;
				GCC_VERSION = com.apple.compilers.llvmgcc42;
				GCC_WARN_ABOUT_MISSING_PROTOTYPES = YES;
				GCC_WARN_ABOUT_RETURN_TYPE = YES;
				GCC_WARN_UNUSED_VARIABLE = YES;
				IPHONEOS_DEPLOYMENT_TARGET = 4.3;
				OTHER_CFLAGS = "-DNS_BLOCK_ASSERTIONS=1";
				"PROVISIONING_PROFILE[sdk=iphoneos*]" = "56F267A2-1155-48A2-BCBF-C09BBAF80D57";
				SDKROOT = iphoneos;
				VALIDATE_PRODUCT = YES;
			};
			name = Release;
		};
		CBD7AC0414418C500019485E /* Debug */ = {
			isa = XCBuildConfiguration;
			buildSettings = {
				GCC_PRECOMPILE_PREFIX_HEADER = YES;
				GCC_PREFIX_HEADER = "CarWeibo/CarWeibo-Prefix.pch";
				GCC_VERSION = com.apple.compilers.llvm.clang.1_0;
				INFOPLIST_FILE = "CarWeibo/CarWeibo-Info.plist";
				PRODUCT_NAME = "$(TARGET_NAME)";
				WRAPPER_EXTENSION = app;
			};
			name = Debug;
		};
		CBD7AC0514418C500019485E /* Release */ = {
			isa = XCBuildConfiguration;
			buildSettings = {
				GCC_PRECOMPILE_PREFIX_HEADER = YES;
				GCC_PREFIX_HEADER = "CarWeibo/CarWeibo-Prefix.pch";
				GCC_VERSION = com.apple.compilers.llvm.clang.1_0;
				INFOPLIST_FILE = "CarWeibo/CarWeibo-Info.plist";
				PRODUCT_NAME = "$(TARGET_NAME)";
				WRAPPER_EXTENSION = app;
			};
			name = Release;
		};
/* End XCBuildConfiguration section */

/* Begin XCConfigurationList section */
		CBD7ABE214418C4F0019485E /* Build configuration list for PBXProject "CarWeibo" */ = {
			isa = XCConfigurationList;
			buildConfigurations = (
				CBD7AC0114418C500019485E /* Debug */,
				CBD7AC0214418C500019485E /* Release */,
			);
			defaultConfigurationIsVisible = 0;
			defaultConfigurationName = Release;
		};
		CBD7AC0314418C500019485E /* Build configuration list for PBXNativeTarget "CarWeibo" */ = {
			isa = XCConfigurationList;
			buildConfigurations = (
				CBD7AC0414418C500019485E /* Debug */,
				CBD7AC0514418C500019485E /* Release */,
			);
			defaultConfigurationIsVisible = 0;
			defaultConfigurationName = Release;
		};
/* End XCConfigurationList section */
	};
	rootObject = CBD7ABDF14418C4F0019485E /* Project object */;
}
